
Microsoft Visual Studio Solution File, Format Version 12.00
# Visual Studio Version 16
VisualStudioVersion = 16.0.30804.86
MinimumVisualStudioVersion = 10.0.40219.1
Project("{8BC9CEB8-8B4A-11D0-8D11-00A0C91BC942}") = "MANG_1D_PHANSO", "MANG_1D_PHANSO\MANG_1D_PHANSO.vcxproj", "{2A5DB0EC-2987-4A49-A6F0-EB20396837B6}"
EndProject
Project("{8BC9CEB8-8B4A-11D0-8D11-00A0C91BC942}") = "MANG_1D_SOPHUC", "MANG_1D_SOPHUC\MANG_1D_SOPHUC.vcxproj", "{422BF27C-7C36-4C88-9724-C62320015B76}"
EndProject
Project("{8BC9CEB8-8B4A-11D0-8D11-00A0C91BC942}") = "MANG_1D_DUONGTRON", "MANG_1D_DUONGTRON\MANG_1D_DUONGTRON.vcxproj", "{F0B01E09-0778-48D0-AA9C-6B61BFA5336B}"
EndProject
Project("{8BC9CEB8-8B4A-11D0-8D11-00A0C91BC942}") = "MANG_1D_DUONGTHANG", "MANG_1D_DUONGTHANG\MANG_1D_DUONGTHANG.vcxproj", "{58032C30-2F88-40C2-875B-18479F49FF7F}"
EndProject
Project("{8BC9CEB8-8B4A-11D0-8D11-00A0C91BC942}") = "MANG_1D_NGAY", "MANG_1D_NGAY\MANG_1D_NGAY.vcxproj", "{347B6321-77DE-4072-9760-11F922605F5F}"
EndProject
Project("{8BC9CEB8-8B4A-11D0-8D11-00A0C91BC942}") = "MANG_2D_DIEM", "MANG_2D_DIEM\MANG_2D_DIEM.vcxproj", "{68EDE845-0DAF-4B9A-AB13-C2F853749423}"
EndProject
Project("{8BC9CEB8-8B4A-11D0-8D11-00A0C91BC942}") = "MANG_1D_DIEM", "MANG_1D_DIEM\MANG_1D_DIEM.vcxproj", "{63EF0ABE-546F-4EB1-A96F-9BE37D24B626}"
EndProject
Project("{8BC9CEB8-8B4A-11D0-8D11-00A0C91BC942}") = "MANG_2D_PHANSO", "MANG_2D_PHANSO\MANG_2D_PHANSO.vcxproj", "{C22811D4-FCFA-45CA-8274-9FD49DDF5902}"
EndProject
Project("{8BC9CEB8-8B4A-11D0-8D11-00A0C91BC942}") = "MANG_2D_SOPHUC", "MANG_2D_SOPHUC\MANG_2D_SOPHUC.vcxproj", "{27BAA86F-088B-4896-9DAE-A431CBB05E83}"
EndProject
Project("{8BC9CEB8-8B4A-11D0-8D11-00A0C91BC942}") = "MANG_1D_NHANVIEN", "MANG_1D_NHANVIEN\MANG_1D_NHANVIEN.vcxproj", "{9C187454-A1E7-4CDF-BB4E-1D30B3858036}"
EndProject
Project("{8BC9CEB8-8B4A-11D0-8D11-00A0C91BC942}") = "MANG_1D_TINH", "MANG_1D_TINH\MANG_1D_TINH.vcxproj", "{ED6B7CA0-1A59-4463-BAE4-109664EBEA0B}"
EndProject
Project("{8BC9CEB8-8B4A-11D0-8D11-00A0C91BC942}") = "MANG_1D_HOPSUA", "MANG_1D_HOPSUA\MANG_1D_HOPSUA.vcxproj", "{2E5C1EEE-47BB-4443-BED6-BB5AF7591781}"
EndProject
Project("{8BC9CEB8-8B4A-11D0-8D11-00A0C91BC942}") = "MANG_1D_CHUYENBAY", "MANG_1D_CHUYENBAY\MANG_1D_CHUYENBAY.vcxproj", "{06EA9F7F-D9AD-4B43-A3F9-CEE7AB804887}"
EndProject
Project("{8BC9CEB8-8B4A-11D0-8D11-00A0C91BC942}") = "MANG_1D_MATHANG", "MANG_1D_MATHANG\MANG_1D_MATHANG.vcxproj", "{3D44263C-9510-4C76-81C3-636F4FB0A764}"
EndProject
Project("{8BC9CEB8-8B4A-11D0-8D11-00A0C91BC942}") = "MANG_1D_THISINH", "MANG_1D_THISINH\MANG_1D_THISINH.vcxproj", "{3D750EFF-ACF2-464E-A69E-7FAC4A4A839D}"
EndProject
Project("{8BC9CEB8-8B4A-11D0-8D11-00A0C91BC942}") = "MANG_1D_VE", "MANG_1D_VE\MANG_1D_VE.vcxproj", "{A7736AE0-89E2-4331-8C36-B6B195D83C45}"
EndProject
Project("{8BC9CEB8-8B4A-11D0-8D11-00A0C91BC942}") = "MANG_1D_CAUTHU", "MANG_1D_CAUTHU\MANG_1D_CAUTHU.vcxproj", "{7ECD7D09-A555-4CEE-9A93-A71977B4078C}"
EndProject
Project("{8BC9CEB8-8B4A-11D0-8D11-00A0C91BC942}") = "MANG_1D_HOCSINH", "MANG_1D_HOCSINH\MANG_1D_HOCSINH.vcxproj", "{6FF23AD9-17BA-4429-B6BE-44007103ED7B}"
EndProject
Project("{8BC9CEB8-8B4A-11D0-8D11-00A0C91BC942}") = "MANG_1D_DAILY", "MANG_1D_DAILY\MANG_1D_DAILY.vcxproj", "{06FA45E8-5048-4DFE-A546-BD5F0793A942}"
EndProject
Global
	GlobalSection(SolutionConfigurationPlatforms) = preSolution
		Debug|x64 = Debug|x64
		Debug|x86 = Debug|x86
		Release|x64 = Release|x64
		Release|x86 = Release|x86
	EndGlobalSection
	GlobalSection(ProjectConfigurationPlatforms) = postSolution
		{2A5DB0EC-2987-4A49-A6F0-EB20396837B6}.Debug|x64.ActiveCfg = Debug|x64
		{2A5DB0EC-2987-4A49-A6F0-EB20396837B6}.Debug|x64.Build.0 = Debug|x64
		{2A5DB0EC-2987-4A49-A6F0-EB20396837B6}.Debug|x86.ActiveCfg = Debug|Win32
		{2A5DB0EC-2987-4A49-A6F0-EB20396837B6}.Debug|x86.Build.0 = Debug|Win32
		{2A5DB0EC-2987-4A49-A6F0-EB20396837B6}.Release|x64.ActiveCfg = Release|x64
		{2A5DB0EC-2987-4A49-A6F0-EB20396837B6}.Release|x64.Build.0 = Release|x64
		{2A5DB0EC-2987-4A49-A6F0-EB20396837B6}.Release|x86.ActiveCfg = Release|Win32
		{2A5DB0EC-2987-4A49-A6F0-EB20396837B6}.Release|x86.Build.0 = Release|Win32
		{422BF27C-7C36-4C88-9724-C62320015B76}.Debug|x64.ActiveCfg = Debug|x64
		{422BF27C-7C36-4C88-9724-C62320015B76}.Debug|x64.Build.0 = Debug|x64
		{422BF27C-7C36-4C88-9724-C62320015B76}.Debug|x86.ActiveCfg = Debug|Win32
		{422BF27C-7C36-4C88-9724-C62320015B76}.Debug|x86.Build.0 = Debug|Win32
		{422BF27C-7C36-4C88-9724-C62320015B76}.Release|x64.ActiveCfg = Release|x64
		{422BF27C-7C36-4C88-9724-C62320015B76}.Release|x64.Build.0 = Release|x64
		{422BF27C-7C36-4C88-9724-C62320015B76}.Release|x86.ActiveCfg = Release|Win32
		{422BF27C-7C36-4C88-9724-C62320015B76}.Release|x86.Build.0 = Release|Win32
		{F0B01E09-0778-48D0-AA9C-6B61BFA5336B}.Debug|x64.ActiveCfg = Debug|x64
		{F0B01E09-0778-48D0-AA9C-6B61BFA5336B}.Debug|x64.Build.0 = Debug|x64
		{F0B01E09-0778-48D0-AA9C-6B61BFA5336B}.Debug|x86.ActiveCfg = Debug|Win32
		{F0B01E09-0778-48D0-AA9C-6B61BFA5336B}.Debug|x86.Build.0 = Debug|Win32
		{F0B01E09-0778-48D0-AA9C-6B61BFA5336B}.Release|x64.ActiveCfg = Release|x64
		{F0B01E09-0778-48D0-AA9C-6B61BFA5336B}.Release|x64.Build.0 = Release|x64
		{F0B01E09-0778-48D0-AA9C-6B61BFA5336B}.Release|x86.ActiveCfg = Release|Win32
		{F0B01E09-0778-48D0-AA9C-6B61BFA5336B}.Release|x86.Build.0 = Release|Win32
		{58032C30-2F88-40C2-875B-18479F49FF7F}.Debug|x64.ActiveCfg = Debug|x64
		{58032C30-2F88-40C2-875B-18479F49FF7F}.Debug|x64.Build.0 = Debug|x64
		{58032C30-2F88-40C2-875B-18479F49FF7F}.Debug|x86.ActiveCfg = Debug|Win32
		{58032C30-2F88-40C2-875B-18479F49FF7F}.Debug|x86.Build.0 = Debug|Win32
		{58032C30-2F88-40C2-875B-18479F49FF7F}.Release|x64.ActiveCfg = Release|x64
		{58032C30-2F88-40C2-875B-18479F49FF7F}.Release|x64.Build.0 = Release|x64
		{58032C30-2F88-40C2-875B-18479F49FF7F}.Release|x86.ActiveCfg = Release|Win32
		{58032C30-2F88-40C2-875B-18479F49FF7F}.Release|x86.Build.0 = Release|Win32
		{347B6321-77DE-4072-9760-11F922605F5F}.Debug|x64.ActiveCfg = Debug|x64
		{347B6321-77DE-4072-9760-11F922605F5F}.Debug|x64.Build.0 = Debug|x64
		{347B6321-77DE-4072-9760-11F922605F5F}.Debug|x86.ActiveCfg = Debug|Win32
		{347B6321-77DE-4072-9760-11F922605F5F}.Debug|x86.Build.0 = Debug|Win32
		{347B6321-77DE-4072-9760-11F922605F5F}.Release|x64.ActiveCfg = Release|x64
		{347B6321-77DE-4072-9760-11F922605F5F}.Release|x64.Build.0 = Release|x64
		{347B6321-77DE-4072-9760-11F922605F5F}.Release|x86.ActiveCfg = Release|Win32
		{347B6321-77DE-4072-9760-11F922605F5F}.Release|x86.Build.0 = Release|Win32
		{68EDE845-0DAF-4B9A-AB13-C2F853749423}.Debug|x64.ActiveCfg = Debug|x64
		{68EDE845-0DAF-4B9A-AB13-C2F853749423}.Debug|x64.Build.0 = Debug|x64
		{68EDE845-0DAF-4B9A-AB13-C2F853749423}.Debug|x86.ActiveCfg = Debug|Win32
		{68EDE845-0DAF-4B9A-AB13-C2F853749423}.Debug|x86.Build.0 = Debug|Win32
		{68EDE845-0DAF-4B9A-AB13-C2F853749423}.Release|x64.ActiveCfg = Release|x64
		{68EDE845-0DAF-4B9A-AB13-C2F853749423}.Release|x64.Build.0 = Release|x64
		{68EDE845-0DAF-4B9A-AB13-C2F853749423}.Release|x86.ActiveCfg = Release|Win32
		{68EDE845-0DAF-4B9A-AB13-C2F853749423}.Release|x86.Build.0 = Release|Win32
		{63EF0ABE-546F-4EB1-A96F-9BE37D24B626}.Debug|x64.ActiveCfg = Debug|x64
		{63EF0ABE-546F-4EB1-A96F-9BE37D24B626}.Debug|x64.Build.0 = Debug|x64
		{63EF0ABE-546F-4EB1-A96F-9BE37D24B626}.Debug|x86.ActiveCfg = Debug|Win32
		{63EF0ABE-546F-4EB1-A96F-9BE37D24B626}.Debug|x86.Build.0 = Debug|Win32
		{63EF0ABE-546F-4EB1-A96F-9BE37D24B626}.Release|x64.ActiveCfg = Release|x64
		{63EF0ABE-546F-4EB1-A96F-9BE37D24B626}.Release|x64.Build.0 = Release|x64
		{63EF0ABE-546F-4EB1-A96F-9BE37D24B626}.Release|x86.ActiveCfg = Release|Win32
		{63EF0ABE-546F-4EB1-A96F-9BE37D24B626}.Release|x86.Build.0 = Release|Win32
		{C22811D4-FCFA-45CA-8274-9FD49DDF5902}.Debug|x64.ActiveCfg = Debug|x64
		{C22811D4-FCFA-45CA-8274-9FD49DDF5902}.Debug|x64.Build.0 = Debug|x64
		{C22811D4-FCFA-45CA-8274-9FD49DDF5902}.Debug|x86.ActiveCfg = Debug|Win32
		{C22811D4-FCFA-45CA-8274-9FD49DDF5902}.Debug|x86.Build.0 = Debug|Win32
		{C22811D4-FCFA-45CA-8274-9FD49DDF5902}.Release|x64.ActiveCfg = Release|x64
		{C22811D4-FCFA-45CA-8274-9FD49DDF5902}.Release|x64.Build.0 = Release|x64
		{C22811D4-FCFA-45CA-8274-9FD49DDF5902}.Release|x86.ActiveCfg = Release|Win32
		{C22811D4-FCFA-45CA-8274-9FD49DDF5902}.Release|x86.Build.0 = Release|Win32
		{27BAA86F-088B-4896-9DAE-A431CBB05E83}.Debug|x64.ActiveCfg = Debug|x64
		{27BAA86F-088B-4896-9DAE-A431CBB05E83}.Debug|x64.Build.0 = Debug|x64
		{27BAA86F-088B-4896-9DAE-A431CBB05E83}.Debug|x86.ActiveCfg = Debug|Win32
		{27BAA86F-088B-4896-9DAE-A431CBB05E83}.Debug|x86.Build.0 = Debug|Win32
		{27BAA86F-088B-4896-9DAE-A431CBB05E83}.Release|x64.ActiveCfg = Release|x64
		{27BAA86F-088B-4896-9DAE-A431CBB05E83}.Release|x64.Build.0 = Release|x64
		{27BAA86F-088B-4896-9DAE-A431CBB05E83}.Release|x86.ActiveCfg = Release|Win32
		{27BAA86F-088B-4896-9DAE-A431CBB05E83}.Release|x86.Build.0 = Release|Win32
		{9C187454-A1E7-4CDF-BB4E-1D30B3858036}.Debug|x64.ActiveCfg = Debug|x64
		{9C187454-A1E7-4CDF-BB4E-1D30B3858036}.Debug|x64.Build.0 = Debug|x64
		{9C187454-A1E7-4CDF-BB4E-1D30B3858036}.Debug|x86.ActiveCfg = Debug|Win32
		{9C187454-A1E7-4CDF-BB4E-1D30B3858036}.Debug|x86.Build.0 = Debug|Win32
		{9C187454-A1E7-4CDF-BB4E-1D30B3858036}.Release|x64.ActiveCfg = Release|x64
		{9C187454-A1E7-4CDF-BB4E-1D30B3858036}.Release|x64.Build.0 = Release|x64
		{9C187454-A1E7-4CDF-BB4E-1D30B3858036}.Release|x86.ActiveCfg = Release|Win32
		{9C187454-A1E7-4CDF-BB4E-1D30B3858036}.Release|x86.Build.0 = Release|Win32
		{ED6B7CA0-1A59-4463-BAE4-109664EBEA0B}.Debug|x64.ActiveCfg = Debug|x64
		{ED6B7CA0-1A59-4463-BAE4-109664EBEA0B}.Debug|x64.Build.0 = Debug|x64
		{ED6B7CA0-1A59-4463-BAE4-109664EBEA0B}.Debug|x86.ActiveCfg = Debug|Win32
		{ED6B7CA0-1A59-4463-BAE4-109664EBEA0B}.Debug|x86.Build.0 = Debug|Win32
		{ED6B7CA0-1A59-4463-BAE4-109664EBEA0B}.Release|x64.ActiveCfg = Release|x64
		{ED6B7CA0-1A59-4463-BAE4-109664EBEA0B}.Release|x64.Build.0 = Release|x64
		{ED6B7CA0-1A59-4463-BAE4-109664EBEA0B}.Release|x86.ActiveCfg = Release|Win32
		{ED6B7CA0-1A59-4463-BAE4-109664EBEA0B}.Release|x86.Build.0 = Release|Win32
		{2E5C1EEE-47BB-4443-BED6-BB5AF7591781}.Debug|x64.ActiveCfg = Debug|x64
		{2E5C1EEE-47BB-4443-BED6-BB5AF7591781}.Debug|x64.Build.0 = Debug|x64
		{2E5C1EEE-47BB-4443-BED6-BB5AF7591781}.Debug|x86.ActiveCfg = Debug|Win32
		{2E5C1EEE-47BB-4443-BED6-BB5AF7591781}.Debug|x86.Build.0 = Debug|Win32
		{2E5C1EEE-47BB-4443-BED6-BB5AF7591781}.Release|x64.ActiveCfg = Release|x64
		{2E5C1EEE-47BB-4443-BED6-BB5AF7591781}.Release|x64.Build.0 = Release|x64
		{2E5C1EEE-47BB-4443-BED6-BB5AF7591781}.Release|x86.ActiveCfg = Release|Win32
		{2E5C1EEE-47BB-4443-BED6-BB5AF7591781}.Release|x86.Build.0 = Release|Win32
		{06EA9F7F-D9AD-4B43-A3F9-CEE7AB804887}.Debug|x64.ActiveCfg = Debug|x64
		{06EA9F7F-D9AD-4B43-A3F9-CEE7AB804887}.Debug|x64.Build.0 = Debug|x64
		{06EA9F7F-D9AD-4B43-A3F9-CEE7AB804887}.Debug|x86.ActiveCfg = Debug|Win32
		{06EA9F7F-D9AD-4B43-A3F9-CEE7AB804887}.Debug|x86.Build.0 = Debug|Win32
		{06EA9F7F-D9AD-4B43-A3F9-CEE7AB804887}.Release|x64.ActiveCfg = Release|x64
		{06EA9F7F-D9AD-4B43-A3F9-CEE7AB804887}.Release|x64.Build.0 = Release|x64
		{06EA9F7F-D9AD-4B43-A3F9-CEE7AB804887}.Release|x86.ActiveCfg = Release|Win32
		{06EA9F7F-D9AD-4B43-A3F9-CEE7AB804887}.Release|x86.Build.0 = Release|Win32
		{3D44263C-9510-4C76-81C3-636F4FB0A764}.Debug|x64.ActiveCfg = Debug|x64
		{3D44263C-9510-4C76-81C3-636F4FB0A764}.Debug|x64.Build.0 = Debug|x64
		{3D44263C-9510-4C76-81C3-636F4FB0A764}.Debug|x86.ActiveCfg = Debug|Win32
		{3D44263C-9510-4C76-81C3-636F4FB0A764}.Debug|x86.Build.0 = Debug|Win32
		{3D44263C-9510-4C76-81C3-636F4FB0A764}.Release|x64.ActiveCfg = Release|x64
		{3D44263C-9510-4C76-81C3-636F4FB0A764}.Release|x64.Build.0 = Release|x64
		{3D44263C-9510-4C76-81C3-636F4FB0A764}.Release|x86.ActiveCfg = Release|Win32
		{3D44263C-9510-4C76-81C3-636F4FB0A764}.Release|x86.Build.0 = Release|Win32
		{3D750EFF-ACF2-464E-A69E-7FAC4A4A839D}.Debug|x64.ActiveCfg = Debug|x64
		{3D750EFF-ACF2-464E-A69E-7FAC4A4A839D}.Debug|x64.Build.0 = Debug|x64
		{3D750EFF-ACF2-464E-A69E-7FAC4A4A839D}.Debug|x86.ActiveCfg = Debug|Win32
		{3D750EFF-ACF2-464E-A69E-7FAC4A4A839D}.Debug|x86.Build.0 = Debug|Win32
		{3D750EFF-ACF2-464E-A69E-7FAC4A4A839D}.Release|x64.ActiveCfg = Release|x64
		{3D750EFF-ACF2-464E-A69E-7FAC4A4A839D}.Release|x64.Build.0 = Release|x64
		{3D750EFF-ACF2-464E-A69E-7FAC4A4A839D}.Release|x86.ActiveCfg = Release|Win32
		{3D750EFF-ACF2-464E-A69E-7FAC4A4A839D}.Release|x86.Build.0 = Release|Win32
		{A7736AE0-89E2-4331-8C36-B6B195D83C45}.Debug|x64.ActiveCfg = Debug|x64
		{A7736AE0-89E2-4331-8C36-B6B195D83C45}.Debug|x64.Build.0 = Debug|x64
		{A7736AE0-89E2-4331-8C36-B6B195D83C45}.Debug|x86.ActiveCfg = Debug|Win32
		{A7736AE0-89E2-4331-8C36-B6B195D83C45}.Debug|x86.Build.0 = Debug|Win32
		{A7736AE0-89E2-4331-8C36-B6B195D83C45}.Release|x64.ActiveCfg = Release|x64
		{A7736AE0-89E2-4331-8C36-B6B195D83C45}.Release|x64.Build.0 = Release|x64
		{A7736AE0-89E2-4331-8C36-B6B195D83C45}.Release|x86.ActiveCfg = Release|Win32
		{A7736AE0-89E2-4331-8C36-B6B195D83C45}.Release|x86.Build.0 = Release|Win32
		{7ECD7D09-A555-4CEE-9A93-A71977B4078C}.Debug|x64.ActiveCfg = Debug|x64
		{7ECD7D09-A555-4CEE-9A93-A71977B4078C}.Debug|x64.Build.0 = Debug|x64
		{7ECD7D09-A555-4CEE-9A93-A71977B4078C}.Debug|x86.ActiveCfg = Debug|Win32
		{7ECD7D09-A555-4CEE-9A93-A71977B4078C}.Debug|x86.Build.0 = Debug|Win32
		{7ECD7D09-A555-4CEE-9A93-A71977B4078C}.Release|x64.ActiveCfg = Release|x64
		{7ECD7D09-A555-4CEE-9A93-A71977B4078C}.Release|x64.Build.0 = Release|x64
		{7ECD7D09-A555-4CEE-9A93-A71977B4078C}.Release|x86.ActiveCfg = Release|Win32
		{7ECD7D09-A555-4CEE-9A93-A71977B4078C}.Release|x86.Build.0 = Release|Win32
		{6FF23AD9-17BA-4429-B6BE-44007103ED7B}.Debug|x64.ActiveCfg = Debug|x64
		{6FF23AD9-17BA-4429-B6BE-44007103ED7B}.Debug|x64.Build.0 = Debug|x64
		{6FF23AD9-17BA-4429-B6BE-44007103ED7B}.Debug|x86.ActiveCfg = Debug|Win32
		{6FF23AD9-17BA-4429-B6BE-44007103ED7B}.Debug|x86.Build.0 = Debug|Win32
		{6FF23AD9-17BA-4429-B6BE-44007103ED7B}.Release|x64.ActiveCfg = Release|x64
		{6FF23AD9-17BA-4429-B6BE-44007103ED7B}.Release|x64.Build.0 = Release|x64
		{6FF23AD9-17BA-4429-B6BE-44007103ED7B}.Release|x86.ActiveCfg = Release|Win32
		{6FF23AD9-17BA-4429-B6BE-44007103ED7B}.Release|x86.Build.0 = Release|Win32
		{06FA45E8-5048-4DFE-A546-BD5F0793A942}.Debug|x64.ActiveCfg = Debug|x64
		{06FA45E8-5048-4DFE-A546-BD5F0793A942}.Debug|x64.Build.0 = Debug|x64
		{06FA45E8-5048-4DFE-A546-BD5F0793A942}.Debug|x86.ActiveCfg = Debug|Win32
		{06FA45E8-5048-4DFE-A546-BD5F0793A942}.Debug|x86.Build.0 = Debug|Win32
		{06FA45E8-5048-4DFE-A546-BD5F0793A942}.Release|x64.ActiveCfg = Release|x64
		{06FA45E8-5048-4DFE-A546-BD5F0793A942}.Release|x64.Build.0 = Release|x64
		{06FA45E8-5048-4DFE-A546-BD5F0793A942}.Release|x86.ActiveCfg = Release|Win32
		{06FA45E8-5048-4DFE-A546-BD5F0793A942}.Release|x86.Build.0 = Release|Win32
	EndGlobalSection
	GlobalSection(SolutionProperties) = preSolution
		HideSolutionNode = FALSE
	EndGlobalSection
	GlobalSection(ExtensibilityGlobals) = postSolution
		SolutionGuid = {7E4C7341-A9CE-4D76-ACC6-6F859E97EFD1}
	EndGlobalSection
EndGlobal
