
Microsoft Visual Studio Solution File, Format Version 12.00
# Visual Studio Version 16
VisualStudioVersion = 16.0.30804.86
MinimumVisualStudioVersion = 10.0.40219.1
Project("{8BC9CEB8-8B4A-11D0-8D11-00A0C91BC942}") = "Bai001", "Bai001\Bai001.vcxproj", "{ED2C094A-EFB2-48C6-80D0-5B7D89652FD8}"
EndProject
Project("{8BC9CEB8-8B4A-11D0-8D11-00A0C91BC942}") = "Bai002", "Bai002\Bai002.vcxproj", "{AAA077E3-181E-418B-848B-5EAF0C12655D}"
EndProject
Project("{8BC9CEB8-8B4A-11D0-8D11-00A0C91BC942}") = "Bai003", "Bai003\Bai003.vcxproj", "{39D174CA-0513-4DB0-A9E7-53F234FA8E8D}"
EndProject
Project("{8BC9CEB8-8B4A-11D0-8D11-00A0C91BC942}") = "Bai004", "Bai004\Bai004.vcxproj", "{861DF5A7-0685-4726-8EF3-B9FB0046B1FC}"
EndProject
Project("{8BC9CEB8-8B4A-11D0-8D11-00A0C91BC942}") = "Bai005", "Bai005\Bai005.vcxproj", "{6FF4127F-CFCF-411A-8C47-0EE2966B6577}"
EndProject
Project("{8BC9CEB8-8B4A-11D0-8D11-00A0C91BC942}") = "Bai006", "Bai006\Bai006.vcxproj", "{71FA197B-5723-4E74-AB79-2EAD52106646}"
EndProject
Project("{8BC9CEB8-8B4A-11D0-8D11-00A0C91BC942}") = "Bai007", "Bai007\Bai007.vcxproj", "{829A3350-922A-4C1C-B5D9-173C422F7181}"
EndProject
Project("{8BC9CEB8-8B4A-11D0-8D11-00A0C91BC942}") = "Bai008", "Bai008\Bai008.vcxproj", "{B95D7B85-17C1-407F-8C9D-45868A58A865}"
EndProject
Project("{8BC9CEB8-8B4A-11D0-8D11-00A0C91BC942}") = "Bai009", "Bai009\Bai009.vcxproj", "{BA039DE2-4334-4204-B884-EEAD656901CB}"
EndProject
Project("{8BC9CEB8-8B4A-11D0-8D11-00A0C91BC942}") = "Bai010", "Bai010\Bai010.vcxproj", "{3780C92A-5161-4A5B-B1F0-4503E379BC6A}"
EndProject
Project("{8BC9CEB8-8B4A-11D0-8D11-00A0C91BC942}") = "Bai011", "Bai011\Bai011.vcxproj", "{7ED79F5A-C3C2-4932-92CE-2AAE0EB4BC62}"
EndProject
Project("{8BC9CEB8-8B4A-11D0-8D11-00A0C91BC942}") = "Bai012", "Bai012\Bai012.vcxproj", "{B684BB0D-47CB-4E37-BF33-3EAB9ABD8214}"
EndProject
Project("{8BC9CEB8-8B4A-11D0-8D11-00A0C91BC942}") = "Bai013", "Bai013\Bai013.vcxproj", "{AA0C9268-DB77-4ACA-B647-EDD4257B8583}"
EndProject
Project("{8BC9CEB8-8B4A-11D0-8D11-00A0C91BC942}") = "Bai014", "Bai014\Bai014.vcxproj", "{BDB13D01-384F-4B5D-8C66-714299BBF5AA}"
EndProject
Project("{8BC9CEB8-8B4A-11D0-8D11-00A0C91BC942}") = "Bai015", "Bai015\Bai015.vcxproj", "{B8082A2C-DBEA-47E6-B535-63A7F86AF789}"
EndProject
Project("{8BC9CEB8-8B4A-11D0-8D11-00A0C91BC942}") = "Bai016", "Bai016\Bai016.vcxproj", "{31AB0EC3-1E94-4FCF-B3AF-772DE89C1F73}"
EndProject
Project("{8BC9CEB8-8B4A-11D0-8D11-00A0C91BC942}") = "Bai017", "Bai017\Bai017.vcxproj", "{CC95410A-75C7-4B73-8C42-700DF62CE9FB}"
EndProject
Project("{8BC9CEB8-8B4A-11D0-8D11-00A0C91BC942}") = "Bai018", "Bai018\Bai018.vcxproj", "{0E5ACA03-22A7-46B1-9540-D5A33FDD6696}"
EndProject
Project("{8BC9CEB8-8B4A-11D0-8D11-00A0C91BC942}") = "Bai019", "Bai019\Bai019.vcxproj", "{D4449A5C-31FE-434E-9530-39E6E70341F0}"
EndProject
Project("{8BC9CEB8-8B4A-11D0-8D11-00A0C91BC942}") = "Bai020", "Bai020\Bai020.vcxproj", "{29CF8D8D-D7AA-4299-B869-7C2BA89AEC30}"
EndProject
Global
	GlobalSection(SolutionConfigurationPlatforms) = preSolution
		Debug|x64 = Debug|x64
		Debug|x86 = Debug|x86
		Release|x64 = Release|x64
		Release|x86 = Release|x86
	EndGlobalSection
	GlobalSection(ProjectConfigurationPlatforms) = postSolution
		{ED2C094A-EFB2-48C6-80D0-5B7D89652FD8}.Debug|x64.ActiveCfg = Debug|x64
		{ED2C094A-EFB2-48C6-80D0-5B7D89652FD8}.Debug|x64.Build.0 = Debug|x64
		{ED2C094A-EFB2-48C6-80D0-5B7D89652FD8}.Debug|x86.ActiveCfg = Debug|Win32
		{ED2C094A-EFB2-48C6-80D0-5B7D89652FD8}.Debug|x86.Build.0 = Debug|Win32
		{ED2C094A-EFB2-48C6-80D0-5B7D89652FD8}.Release|x64.ActiveCfg = Release|x64
		{ED2C094A-EFB2-48C6-80D0-5B7D89652FD8}.Release|x64.Build.0 = Release|x64
		{ED2C094A-EFB2-48C6-80D0-5B7D89652FD8}.Release|x86.ActiveCfg = Release|Win32
		{ED2C094A-EFB2-48C6-80D0-5B7D89652FD8}.Release|x86.Build.0 = Release|Win32
		{AAA077E3-181E-418B-848B-5EAF0C12655D}.Debug|x64.ActiveCfg = Debug|x64
		{AAA077E3-181E-418B-848B-5EAF0C12655D}.Debug|x64.Build.0 = Debug|x64
		{AAA077E3-181E-418B-848B-5EAF0C12655D}.Debug|x86.ActiveCfg = Debug|Win32
		{AAA077E3-181E-418B-848B-5EAF0C12655D}.Debug|x86.Build.0 = Debug|Win32
		{AAA077E3-181E-418B-848B-5EAF0C12655D}.Release|x64.ActiveCfg = Release|x64
		{AAA077E3-181E-418B-848B-5EAF0C12655D}.Release|x64.Build.0 = Release|x64
		{AAA077E3-181E-418B-848B-5EAF0C12655D}.Release|x86.ActiveCfg = Release|Win32
		{AAA077E3-181E-418B-848B-5EAF0C12655D}.Release|x86.Build.0 = Release|Win32
		{39D174CA-0513-4DB0-A9E7-53F234FA8E8D}.Debug|x64.ActiveCfg = Debug|x64
		{39D174CA-0513-4DB0-A9E7-53F234FA8E8D}.Debug|x64.Build.0 = Debug|x64
		{39D174CA-0513-4DB0-A9E7-53F234FA8E8D}.Debug|x86.ActiveCfg = Debug|Win32
		{39D174CA-0513-4DB0-A9E7-53F234FA8E8D}.Debug|x86.Build.0 = Debug|Win32
		{39D174CA-0513-4DB0-A9E7-53F234FA8E8D}.Release|x64.ActiveCfg = Release|x64
		{39D174CA-0513-4DB0-A9E7-53F234FA8E8D}.Release|x64.Build.0 = Release|x64
		{39D174CA-0513-4DB0-A9E7-53F234FA8E8D}.Release|x86.ActiveCfg = Release|Win32
		{39D174CA-0513-4DB0-A9E7-53F234FA8E8D}.Release|x86.Build.0 = Release|Win32
		{861DF5A7-0685-4726-8EF3-B9FB0046B1FC}.Debug|x64.ActiveCfg = Debug|x64
		{861DF5A7-0685-4726-8EF3-B9FB0046B1FC}.Debug|x64.Build.0 = Debug|x64
		{861DF5A7-0685-4726-8EF3-B9FB0046B1FC}.Debug|x86.ActiveCfg = Debug|Win32
		{861DF5A7-0685-4726-8EF3-B9FB0046B1FC}.Debug|x86.Build.0 = Debug|Win32
		{861DF5A7-0685-4726-8EF3-B9FB0046B1FC}.Release|x64.ActiveCfg = Release|x64
		{861DF5A7-0685-4726-8EF3-B9FB0046B1FC}.Release|x64.Build.0 = Release|x64
		{861DF5A7-0685-4726-8EF3-B9FB0046B1FC}.Release|x86.ActiveCfg = Release|Win32
		{861DF5A7-0685-4726-8EF3-B9FB0046B1FC}.Release|x86.Build.0 = Release|Win32
		{6FF4127F-CFCF-411A-8C47-0EE2966B6577}.Debug|x64.ActiveCfg = Debug|x64
		{6FF4127F-CFCF-411A-8C47-0EE2966B6577}.Debug|x64.Build.0 = Debug|x64
		{6FF4127F-CFCF-411A-8C47-0EE2966B6577}.Debug|x86.ActiveCfg = Debug|Win32
		{6FF4127F-CFCF-411A-8C47-0EE2966B6577}.Debug|x86.Build.0 = Debug|Win32
		{6FF4127F-CFCF-411A-8C47-0EE2966B6577}.Release|x64.ActiveCfg = Release|x64
		{6FF4127F-CFCF-411A-8C47-0EE2966B6577}.Release|x64.Build.0 = Release|x64
		{6FF4127F-CFCF-411A-8C47-0EE2966B6577}.Release|x86.ActiveCfg = Release|Win32
		{6FF4127F-CFCF-411A-8C47-0EE2966B6577}.Release|x86.Build.0 = Release|Win32
		{71FA197B-5723-4E74-AB79-2EAD52106646}.Debug|x64.ActiveCfg = Debug|x64
		{71FA197B-5723-4E74-AB79-2EAD52106646}.Debug|x64.Build.0 = Debug|x64
		{71FA197B-5723-4E74-AB79-2EAD52106646}.Debug|x86.ActiveCfg = Debug|Win32
		{71FA197B-5723-4E74-AB79-2EAD52106646}.Debug|x86.Build.0 = Debug|Win32
		{71FA197B-5723-4E74-AB79-2EAD52106646}.Release|x64.ActiveCfg = Release|x64
		{71FA197B-5723-4E74-AB79-2EAD52106646}.Release|x64.Build.0 = Release|x64
		{71FA197B-5723-4E74-AB79-2EAD52106646}.Release|x86.ActiveCfg = Release|Win32
		{71FA197B-5723-4E74-AB79-2EAD52106646}.Release|x86.Build.0 = Release|Win32
		{829A3350-922A-4C1C-B5D9-173C422F7181}.Debug|x64.ActiveCfg = Debug|x64
		{829A3350-922A-4C1C-B5D9-173C422F7181}.Debug|x64.Build.0 = Debug|x64
		{829A3350-922A-4C1C-B5D9-173C422F7181}.Debug|x86.ActiveCfg = Debug|Win32
		{829A3350-922A-4C1C-B5D9-173C422F7181}.Debug|x86.Build.0 = Debug|Win32
		{829A3350-922A-4C1C-B5D9-173C422F7181}.Release|x64.ActiveCfg = Release|x64
		{829A3350-922A-4C1C-B5D9-173C422F7181}.Release|x64.Build.0 = Release|x64
		{829A3350-922A-4C1C-B5D9-173C422F7181}.Release|x86.ActiveCfg = Release|Win32
		{829A3350-922A-4C1C-B5D9-173C422F7181}.Release|x86.Build.0 = Release|Win32
		{B95D7B85-17C1-407F-8C9D-45868A58A865}.Debug|x64.ActiveCfg = Debug|x64
		{B95D7B85-17C1-407F-8C9D-45868A58A865}.Debug|x64.Build.0 = Debug|x64
		{B95D7B85-17C1-407F-8C9D-45868A58A865}.Debug|x86.ActiveCfg = Debug|Win32
		{B95D7B85-17C1-407F-8C9D-45868A58A865}.Debug|x86.Build.0 = Debug|Win32
		{B95D7B85-17C1-407F-8C9D-45868A58A865}.Release|x64.ActiveCfg = Release|x64
		{B95D7B85-17C1-407F-8C9D-45868A58A865}.Release|x64.Build.0 = Release|x64
		{B95D7B85-17C1-407F-8C9D-45868A58A865}.Release|x86.ActiveCfg = Release|Win32
		{B95D7B85-17C1-407F-8C9D-45868A58A865}.Release|x86.Build.0 = Release|Win32
		{BA039DE2-4334-4204-B884-EEAD656901CB}.Debug|x64.ActiveCfg = Debug|x64
		{BA039DE2-4334-4204-B884-EEAD656901CB}.Debug|x64.Build.0 = Debug|x64
		{BA039DE2-4334-4204-B884-EEAD656901CB}.Debug|x86.ActiveCfg = Debug|Win32
		{BA039DE2-4334-4204-B884-EEAD656901CB}.Debug|x86.Build.0 = Debug|Win32
		{BA039DE2-4334-4204-B884-EEAD656901CB}.Release|x64.ActiveCfg = Release|x64
		{BA039DE2-4334-4204-B884-EEAD656901CB}.Release|x64.Build.0 = Release|x64
		{BA039DE2-4334-4204-B884-EEAD656901CB}.Release|x86.ActiveCfg = Release|Win32
		{BA039DE2-4334-4204-B884-EEAD656901CB}.Release|x86.Build.0 = Release|Win32
		{3780C92A-5161-4A5B-B1F0-4503E379BC6A}.Debug|x64.ActiveCfg = Debug|x64
		{3780C92A-5161-4A5B-B1F0-4503E379BC6A}.Debug|x64.Build.0 = Debug|x64
		{3780C92A-5161-4A5B-B1F0-4503E379BC6A}.Debug|x86.ActiveCfg = Debug|Win32
		{3780C92A-5161-4A5B-B1F0-4503E379BC6A}.Debug|x86.Build.0 = Debug|Win32
		{3780C92A-5161-4A5B-B1F0-4503E379BC6A}.Release|x64.ActiveCfg = Release|x64
		{3780C92A-5161-4A5B-B1F0-4503E379BC6A}.Release|x64.Build.0 = Release|x64
		{3780C92A-5161-4A5B-B1F0-4503E379BC6A}.Release|x86.ActiveCfg = Release|Win32
		{3780C92A-5161-4A5B-B1F0-4503E379BC6A}.Release|x86.Build.0 = Release|Win32
		{7ED79F5A-C3C2-4932-92CE-2AAE0EB4BC62}.Debug|x64.ActiveCfg = Debug|x64
		{7ED79F5A-C3C2-4932-92CE-2AAE0EB4BC62}.Debug|x64.Build.0 = Debug|x64
		{7ED79F5A-C3C2-4932-92CE-2AAE0EB4BC62}.Debug|x86.ActiveCfg = Debug|Win32
		{7ED79F5A-C3C2-4932-92CE-2AAE0EB4BC62}.Debug|x86.Build.0 = Debug|Win32
		{7ED79F5A-C3C2-4932-92CE-2AAE0EB4BC62}.Release|x64.ActiveCfg = Release|x64
		{7ED79F5A-C3C2-4932-92CE-2AAE0EB4BC62}.Release|x64.Build.0 = Release|x64
		{7ED79F5A-C3C2-4932-92CE-2AAE0EB4BC62}.Release|x86.ActiveCfg = Release|Win32
		{7ED79F5A-C3C2-4932-92CE-2AAE0EB4BC62}.Release|x86.Build.0 = Release|Win32
		{B684BB0D-47CB-4E37-BF33-3EAB9ABD8214}.Debug|x64.ActiveCfg = Debug|x64
		{B684BB0D-47CB-4E37-BF33-3EAB9ABD8214}.Debug|x64.Build.0 = Debug|x64
		{B684BB0D-47CB-4E37-BF33-3EAB9ABD8214}.Debug|x86.ActiveCfg = Debug|Win32
		{B684BB0D-47CB-4E37-BF33-3EAB9ABD8214}.Debug|x86.Build.0 = Debug|Win32
		{B684BB0D-47CB-4E37-BF33-3EAB9ABD8214}.Release|x64.ActiveCfg = Release|x64
		{B684BB0D-47CB-4E37-BF33-3EAB9ABD8214}.Release|x64.Build.0 = Release|x64
		{B684BB0D-47CB-4E37-BF33-3EAB9ABD8214}.Release|x86.ActiveCfg = Release|Win32
		{B684BB0D-47CB-4E37-BF33-3EAB9ABD8214}.Release|x86.Build.0 = Release|Win32
		{AA0C9268-DB77-4ACA-B647-EDD4257B8583}.Debug|x64.ActiveCfg = Debug|x64
		{AA0C9268-DB77-4ACA-B647-EDD4257B8583}.Debug|x64.Build.0 = Debug|x64
		{AA0C9268-DB77-4ACA-B647-EDD4257B8583}.Debug|x86.ActiveCfg = Debug|Win32
		{AA0C9268-DB77-4ACA-B647-EDD4257B8583}.Debug|x86.Build.0 = Debug|Win32
		{AA0C9268-DB77-4ACA-B647-EDD4257B8583}.Release|x64.ActiveCfg = Release|x64
		{AA0C9268-DB77-4ACA-B647-EDD4257B8583}.Release|x64.Build.0 = Release|x64
		{AA0C9268-DB77-4ACA-B647-EDD4257B8583}.Release|x86.ActiveCfg = Release|Win32
		{AA0C9268-DB77-4ACA-B647-EDD4257B8583}.Release|x86.Build.0 = Release|Win32
		{BDB13D01-384F-4B5D-8C66-714299BBF5AA}.Debug|x64.ActiveCfg = Debug|x64
		{BDB13D01-384F-4B5D-8C66-714299BBF5AA}.Debug|x64.Build.0 = Debug|x64
		{BDB13D01-384F-4B5D-8C66-714299BBF5AA}.Debug|x86.ActiveCfg = Debug|Win32
		{BDB13D01-384F-4B5D-8C66-714299BBF5AA}.Debug|x86.Build.0 = Debug|Win32
		{BDB13D01-384F-4B5D-8C66-714299BBF5AA}.Release|x64.ActiveCfg = Release|x64
		{BDB13D01-384F-4B5D-8C66-714299BBF5AA}.Release|x64.Build.0 = Release|x64
		{BDB13D01-384F-4B5D-8C66-714299BBF5AA}.Release|x86.ActiveCfg = Release|Win32
		{BDB13D01-384F-4B5D-8C66-714299BBF5AA}.Release|x86.Build.0 = Release|Win32
		{B8082A2C-DBEA-47E6-B535-63A7F86AF789}.Debug|x64.ActiveCfg = Debug|x64
		{B8082A2C-DBEA-47E6-B535-63A7F86AF789}.Debug|x64.Build.0 = Debug|x64
		{B8082A2C-DBEA-47E6-B535-63A7F86AF789}.Debug|x86.ActiveCfg = Debug|Win32
		{B8082A2C-DBEA-47E6-B535-63A7F86AF789}.Debug|x86.Build.0 = Debug|Win32
		{B8082A2C-DBEA-47E6-B535-63A7F86AF789}.Release|x64.ActiveCfg = Release|x64
		{B8082A2C-DBEA-47E6-B535-63A7F86AF789}.Release|x64.Build.0 = Release|x64
		{B8082A2C-DBEA-47E6-B535-63A7F86AF789}.Release|x86.ActiveCfg = Release|Win32
		{B8082A2C-DBEA-47E6-B535-63A7F86AF789}.Release|x86.Build.0 = Release|Win32
		{31AB0EC3-1E94-4FCF-B3AF-772DE89C1F73}.Debug|x64.ActiveCfg = Debug|x64
		{31AB0EC3-1E94-4FCF-B3AF-772DE89C1F73}.Debug|x64.Build.0 = Debug|x64
		{31AB0EC3-1E94-4FCF-B3AF-772DE89C1F73}.Debug|x86.ActiveCfg = Debug|Win32
		{31AB0EC3-1E94-4FCF-B3AF-772DE89C1F73}.Debug|x86.Build.0 = Debug|Win32
		{31AB0EC3-1E94-4FCF-B3AF-772DE89C1F73}.Release|x64.ActiveCfg = Release|x64
		{31AB0EC3-1E94-4FCF-B3AF-772DE89C1F73}.Release|x64.Build.0 = Release|x64
		{31AB0EC3-1E94-4FCF-B3AF-772DE89C1F73}.Release|x86.ActiveCfg = Release|Win32
		{31AB0EC3-1E94-4FCF-B3AF-772DE89C1F73}.Release|x86.Build.0 = Release|Win32
		{CC95410A-75C7-4B73-8C42-700DF62CE9FB}.Debug|x64.ActiveCfg = Debug|x64
		{CC95410A-75C7-4B73-8C42-700DF62CE9FB}.Debug|x64.Build.0 = Debug|x64
		{CC95410A-75C7-4B73-8C42-700DF62CE9FB}.Debug|x86.ActiveCfg = Debug|Win32
		{CC95410A-75C7-4B73-8C42-700DF62CE9FB}.Debug|x86.Build.0 = Debug|Win32
		{CC95410A-75C7-4B73-8C42-700DF62CE9FB}.Release|x64.ActiveCfg = Release|x64
		{CC95410A-75C7-4B73-8C42-700DF62CE9FB}.Release|x64.Build.0 = Release|x64
		{CC95410A-75C7-4B73-8C42-700DF62CE9FB}.Release|x86.ActiveCfg = Release|Win32
		{CC95410A-75C7-4B73-8C42-700DF62CE9FB}.Release|x86.Build.0 = Release|Win32
		{0E5ACA03-22A7-46B1-9540-D5A33FDD6696}.Debug|x64.ActiveCfg = Debug|x64
		{0E5ACA03-22A7-46B1-9540-D5A33FDD6696}.Debug|x64.Build.0 = Debug|x64
		{0E5ACA03-22A7-46B1-9540-D5A33FDD6696}.Debug|x86.ActiveCfg = Debug|Win32
		{0E5ACA03-22A7-46B1-9540-D5A33FDD6696}.Debug|x86.Build.0 = Debug|Win32
		{0E5ACA03-22A7-46B1-9540-D5A33FDD6696}.Release|x64.ActiveCfg = Release|x64
		{0E5ACA03-22A7-46B1-9540-D5A33FDD6696}.Release|x64.Build.0 = Release|x64
		{0E5ACA03-22A7-46B1-9540-D5A33FDD6696}.Release|x86.ActiveCfg = Release|Win32
		{0E5ACA03-22A7-46B1-9540-D5A33FDD6696}.Release|x86.Build.0 = Release|Win32
		{D4449A5C-31FE-434E-9530-39E6E70341F0}.Debug|x64.ActiveCfg = Debug|x64
		{D4449A5C-31FE-434E-9530-39E6E70341F0}.Debug|x64.Build.0 = Debug|x64
		{D4449A5C-31FE-434E-9530-39E6E70341F0}.Debug|x86.ActiveCfg = Debug|Win32
		{D4449A5C-31FE-434E-9530-39E6E70341F0}.Debug|x86.Build.0 = Debug|Win32
		{D4449A5C-31FE-434E-9530-39E6E70341F0}.Release|x64.ActiveCfg = Release|x64
		{D4449A5C-31FE-434E-9530-39E6E70341F0}.Release|x64.Build.0 = Release|x64
		{D4449A5C-31FE-434E-9530-39E6E70341F0}.Release|x86.ActiveCfg = Release|Win32
		{D4449A5C-31FE-434E-9530-39E6E70341F0}.Release|x86.Build.0 = Release|Win32
		{29CF8D8D-D7AA-4299-B869-7C2BA89AEC30}.Debug|x64.ActiveCfg = Debug|x64
		{29CF8D8D-D7AA-4299-B869-7C2BA89AEC30}.Debug|x64.Build.0 = Debug|x64
		{29CF8D8D-D7AA-4299-B869-7C2BA89AEC30}.Debug|x86.ActiveCfg = Debug|Win32
		{29CF8D8D-D7AA-4299-B869-7C2BA89AEC30}.Debug|x86.Build.0 = Debug|Win32
		{29CF8D8D-D7AA-4299-B869-7C2BA89AEC30}.Release|x64.ActiveCfg = Release|x64
		{29CF8D8D-D7AA-4299-B869-7C2BA89AEC30}.Release|x64.Build.0 = Release|x64
		{29CF8D8D-D7AA-4299-B869-7C2BA89AEC30}.Release|x86.ActiveCfg = Release|Win32
		{29CF8D8D-D7AA-4299-B869-7C2BA89AEC30}.Release|x86.Build.0 = Release|Win32
	EndGlobalSection
	GlobalSection(SolutionProperties) = preSolution
		HideSolutionNode = FALSE
	EndGlobalSection
	GlobalSection(ExtensibilityGlobals) = postSolution
		SolutionGuid = {C4382D51-7B80-4A52-89BE-FEB02501ADE1}
	EndGlobalSection
EndGlobal
