
Microsoft Visual Studio Solution File, Format Version 12.00
# Visual Studio Version 16
VisualStudioVersion = 16.0.30804.86
MinimumVisualStudioVersion = 10.0.40219.1
Project("{8BC9CEB8-8B4A-11D0-8D11-00A0C91BC942}") = "Bai001", "Bai001\Bai001.vcxproj", "{37C10783-2588-4814-9456-A0FEEEAF87AA}"
EndProject
Project("{8BC9CEB8-8B4A-11D0-8D11-00A0C91BC942}") = "Bai002", "Bai002\Bai002.vcxproj", "{FDD0304C-A8D1-4A90-A643-398DA0826817}"
EndProject
Project("{8BC9CEB8-8B4A-11D0-8D11-00A0C91BC942}") = "Bai003", "Bai003\Bai003.vcxproj", "{FC7C029D-EDD5-483B-8E0C-5D496BFADDA4}"
EndProject
Project("{8BC9CEB8-8B4A-11D0-8D11-00A0C91BC942}") = "Bai004", "Bai004\Bai004.vcxproj", "{0CC66E1A-5399-40DD-880E-342FB81DDB5C}"
EndProject
Project("{8BC9CEB8-8B4A-11D0-8D11-00A0C91BC942}") = "Bai005", "Bai005\Bai005.vcxproj", "{794E6BC4-D2E0-47BC-80E7-E9F8DCA1D195}"
EndProject
Project("{8BC9CEB8-8B4A-11D0-8D11-00A0C91BC942}") = "Bai006", "Bai006\Bai006.vcxproj", "{8FFC8AB2-3167-4443-BE3A-D32EB9C0CA87}"
EndProject
Project("{8BC9CEB8-8B4A-11D0-8D11-00A0C91BC942}") = "Bai007", "Bai007\Bai007.vcxproj", "{ECE31677-5BFC-45AB-BDEC-8D8176896559}"
EndProject
Project("{8BC9CEB8-8B4A-11D0-8D11-00A0C91BC942}") = "Bai008", "Bai008\Bai008.vcxproj", "{414964B2-E5D3-41CC-B07F-DC712A48A185}"
EndProject
Project("{8BC9CEB8-8B4A-11D0-8D11-00A0C91BC942}") = "Bai009", "Bai009\Bai009.vcxproj", "{EE8FAB30-F670-4097-9727-E10DFB882B25}"
EndProject
Project("{8BC9CEB8-8B4A-11D0-8D11-00A0C91BC942}") = "Bai010", "Bai010\Bai010.vcxproj", "{78891C0C-1496-4CBE-81E8-24879811D808}"
EndProject
Project("{8BC9CEB8-8B4A-11D0-8D11-00A0C91BC942}") = "Bai011", "Bai011\Bai011.vcxproj", "{AB540662-94F9-49C8-90A7-5775DAE283C2}"
EndProject
Project("{8BC9CEB8-8B4A-11D0-8D11-00A0C91BC942}") = "DIEM", "DIEM\DIEM.vcxproj", "{2CA7D744-2C46-4AEB-A3F5-C75B7540A0ED}"
EndProject
Project("{8BC9CEB8-8B4A-11D0-8D11-00A0C91BC942}") = "DIEMKHONGGIAN", "DIEMKHONGGIAN\DIEMKHONGGIAN.vcxproj", "{DF986FF7-EC1B-44B7-B004-C7746703B78F}"
EndProject
Project("{8BC9CEB8-8B4A-11D0-8D11-00A0C91BC942}") = "Bai012", "Bai012\Bai012.vcxproj", "{2E0D10D4-6B82-4C99-B478-7E235D1E2B6A}"
EndProject
Project("{8BC9CEB8-8B4A-11D0-8D11-00A0C91BC942}") = "Bai013", "Bai013\Bai013.vcxproj", "{B32B265E-A1A2-4F0A-BB42-F62EF81D5880}"
EndProject
Project("{8BC9CEB8-8B4A-11D0-8D11-00A0C91BC942}") = "DUONGTHANG", "DUONGTHANG\DUONGTHANG.vcxproj", "{DC3E94E1-39CF-41F1-90AE-D50780186313}"
EndProject
Project("{8BC9CEB8-8B4A-11D0-8D11-00A0C91BC942}") = "PHANSO", "PHANSO\PHANSO.vcxproj", "{1CA4D40F-208D-457B-AA9B-B0F9BC9E7BC9}"
EndProject
Project("{8BC9CEB8-8B4A-11D0-8D11-00A0C91BC942}") = "HONSO", "HONSO\HONSO.vcxproj", "{910C034B-40C2-425A-ADD8-F42AE1B9AEEB}"
EndProject
Project("{8BC9CEB8-8B4A-11D0-8D11-00A0C91BC942}") = "SOPHUC", "SOPHUC\SOPHUC.vcxproj", "{384C75BA-2446-445C-9A77-CF6C3BF31F15}"
EndProject
Project("{8BC9CEB8-8B4A-11D0-8D11-00A0C91BC942}") = "THOIGIAN", "THOIGIAN\THOIGIAN.vcxproj", "{026995FA-019E-4B51-A224-C1B667AFE64D}"
EndProject
Project("{8BC9CEB8-8B4A-11D0-8D11-00A0C91BC942}") = "DONTHUC", "DONTHUC\DONTHUC.vcxproj", "{CB1049F6-634C-409B-A46F-2D41C6E5E791}"
EndProject
Project("{8BC9CEB8-8B4A-11D0-8D11-00A0C91BC942}") = "DUONGTRON", "DUONGTRON\DUONGTRON.vcxproj", "{33991BD0-2103-46FC-A78B-45D1FF60DB02}"
EndProject
Project("{8BC9CEB8-8B4A-11D0-8D11-00A0C91BC942}") = "HINHCAU", "HINHCAU\HINHCAU.vcxproj", "{D77AB12F-FA6E-4122-AA35-88784CB357E9}"
EndProject
Project("{8BC9CEB8-8B4A-11D0-8D11-00A0C91BC942}") = "TAMGIAC", "TAMGIAC\TAMGIAC.vcxproj", "{C21F3F5F-15E3-4C22-AD87-CD310B8E86DA}"
EndProject
Project("{8BC9CEB8-8B4A-11D0-8D11-00A0C91BC942}") = "NGAY", "NGAY\NGAY.vcxproj", "{F16A526A-470C-4045-881E-C71D34105AFD}"
EndProject
Global
	GlobalSection(SolutionConfigurationPlatforms) = preSolution
		Debug|x64 = Debug|x64
		Debug|x86 = Debug|x86
		Release|x64 = Release|x64
		Release|x86 = Release|x86
	EndGlobalSection
	GlobalSection(ProjectConfigurationPlatforms) = postSolution
		{37C10783-2588-4814-9456-A0FEEEAF87AA}.Debug|x64.ActiveCfg = Debug|x64
		{37C10783-2588-4814-9456-A0FEEEAF87AA}.Debug|x64.Build.0 = Debug|x64
		{37C10783-2588-4814-9456-A0FEEEAF87AA}.Debug|x86.ActiveCfg = Debug|Win32
		{37C10783-2588-4814-9456-A0FEEEAF87AA}.Debug|x86.Build.0 = Debug|Win32
		{37C10783-2588-4814-9456-A0FEEEAF87AA}.Release|x64.ActiveCfg = Release|x64
		{37C10783-2588-4814-9456-A0FEEEAF87AA}.Release|x64.Build.0 = Release|x64
		{37C10783-2588-4814-9456-A0FEEEAF87AA}.Release|x86.ActiveCfg = Release|Win32
		{37C10783-2588-4814-9456-A0FEEEAF87AA}.Release|x86.Build.0 = Release|Win32
		{FDD0304C-A8D1-4A90-A643-398DA0826817}.Debug|x64.ActiveCfg = Debug|x64
		{FDD0304C-A8D1-4A90-A643-398DA0826817}.Debug|x64.Build.0 = Debug|x64
		{FDD0304C-A8D1-4A90-A643-398DA0826817}.Debug|x86.ActiveCfg = Debug|Win32
		{FDD0304C-A8D1-4A90-A643-398DA0826817}.Debug|x86.Build.0 = Debug|Win32
		{FDD0304C-A8D1-4A90-A643-398DA0826817}.Release|x64.ActiveCfg = Release|x64
		{FDD0304C-A8D1-4A90-A643-398DA0826817}.Release|x64.Build.0 = Release|x64
		{FDD0304C-A8D1-4A90-A643-398DA0826817}.Release|x86.ActiveCfg = Release|Win32
		{FDD0304C-A8D1-4A90-A643-398DA0826817}.Release|x86.Build.0 = Release|Win32
		{FC7C029D-EDD5-483B-8E0C-5D496BFADDA4}.Debug|x64.ActiveCfg = Debug|x64
		{FC7C029D-EDD5-483B-8E0C-5D496BFADDA4}.Debug|x64.Build.0 = Debug|x64
		{FC7C029D-EDD5-483B-8E0C-5D496BFADDA4}.Debug|x86.ActiveCfg = Debug|Win32
		{FC7C029D-EDD5-483B-8E0C-5D496BFADDA4}.Debug|x86.Build.0 = Debug|Win32
		{FC7C029D-EDD5-483B-8E0C-5D496BFADDA4}.Release|x64.ActiveCfg = Release|x64
		{FC7C029D-EDD5-483B-8E0C-5D496BFADDA4}.Release|x64.Build.0 = Release|x64
		{FC7C029D-EDD5-483B-8E0C-5D496BFADDA4}.Release|x86.ActiveCfg = Release|Win32
		{FC7C029D-EDD5-483B-8E0C-5D496BFADDA4}.Release|x86.Build.0 = Release|Win32
		{0CC66E1A-5399-40DD-880E-342FB81DDB5C}.Debug|x64.ActiveCfg = Debug|x64
		{0CC66E1A-5399-40DD-880E-342FB81DDB5C}.Debug|x64.Build.0 = Debug|x64
		{0CC66E1A-5399-40DD-880E-342FB81DDB5C}.Debug|x86.ActiveCfg = Debug|Win32
		{0CC66E1A-5399-40DD-880E-342FB81DDB5C}.Debug|x86.Build.0 = Debug|Win32
		{0CC66E1A-5399-40DD-880E-342FB81DDB5C}.Release|x64.ActiveCfg = Release|x64
		{0CC66E1A-5399-40DD-880E-342FB81DDB5C}.Release|x64.Build.0 = Release|x64
		{0CC66E1A-5399-40DD-880E-342FB81DDB5C}.Release|x86.ActiveCfg = Release|Win32
		{0CC66E1A-5399-40DD-880E-342FB81DDB5C}.Release|x86.Build.0 = Release|Win32
		{794E6BC4-D2E0-47BC-80E7-E9F8DCA1D195}.Debug|x64.ActiveCfg = Debug|x64
		{794E6BC4-D2E0-47BC-80E7-E9F8DCA1D195}.Debug|x64.Build.0 = Debug|x64
		{794E6BC4-D2E0-47BC-80E7-E9F8DCA1D195}.Debug|x86.ActiveCfg = Debug|Win32
		{794E6BC4-D2E0-47BC-80E7-E9F8DCA1D195}.Debug|x86.Build.0 = Debug|Win32
		{794E6BC4-D2E0-47BC-80E7-E9F8DCA1D195}.Release|x64.ActiveCfg = Release|x64
		{794E6BC4-D2E0-47BC-80E7-E9F8DCA1D195}.Release|x64.Build.0 = Release|x64
		{794E6BC4-D2E0-47BC-80E7-E9F8DCA1D195}.Release|x86.ActiveCfg = Release|Win32
		{794E6BC4-D2E0-47BC-80E7-E9F8DCA1D195}.Release|x86.Build.0 = Release|Win32
		{8FFC8AB2-3167-4443-BE3A-D32EB9C0CA87}.Debug|x64.ActiveCfg = Debug|x64
		{8FFC8AB2-3167-4443-BE3A-D32EB9C0CA87}.Debug|x64.Build.0 = Debug|x64
		{8FFC8AB2-3167-4443-BE3A-D32EB9C0CA87}.Debug|x86.ActiveCfg = Debug|Win32
		{8FFC8AB2-3167-4443-BE3A-D32EB9C0CA87}.Debug|x86.Build.0 = Debug|Win32
		{8FFC8AB2-3167-4443-BE3A-D32EB9C0CA87}.Release|x64.ActiveCfg = Release|x64
		{8FFC8AB2-3167-4443-BE3A-D32EB9C0CA87}.Release|x64.Build.0 = Release|x64
		{8FFC8AB2-3167-4443-BE3A-D32EB9C0CA87}.Release|x86.ActiveCfg = Release|Win32
		{8FFC8AB2-3167-4443-BE3A-D32EB9C0CA87}.Release|x86.Build.0 = Release|Win32
		{ECE31677-5BFC-45AB-BDEC-8D8176896559}.Debug|x64.ActiveCfg = Debug|x64
		{ECE31677-5BFC-45AB-BDEC-8D8176896559}.Debug|x64.Build.0 = Debug|x64
		{ECE31677-5BFC-45AB-BDEC-8D8176896559}.Debug|x86.ActiveCfg = Debug|Win32
		{ECE31677-5BFC-45AB-BDEC-8D8176896559}.Debug|x86.Build.0 = Debug|Win32
		{ECE31677-5BFC-45AB-BDEC-8D8176896559}.Release|x64.ActiveCfg = Release|x64
		{ECE31677-5BFC-45AB-BDEC-8D8176896559}.Release|x64.Build.0 = Release|x64
		{ECE31677-5BFC-45AB-BDEC-8D8176896559}.Release|x86.ActiveCfg = Release|Win32
		{ECE31677-5BFC-45AB-BDEC-8D8176896559}.Release|x86.Build.0 = Release|Win32
		{414964B2-E5D3-41CC-B07F-DC712A48A185}.Debug|x64.ActiveCfg = Debug|x64
		{414964B2-E5D3-41CC-B07F-DC712A48A185}.Debug|x64.Build.0 = Debug|x64
		{414964B2-E5D3-41CC-B07F-DC712A48A185}.Debug|x86.ActiveCfg = Debug|Win32
		{414964B2-E5D3-41CC-B07F-DC712A48A185}.Debug|x86.Build.0 = Debug|Win32
		{414964B2-E5D3-41CC-B07F-DC712A48A185}.Release|x64.ActiveCfg = Release|x64
		{414964B2-E5D3-41CC-B07F-DC712A48A185}.Release|x64.Build.0 = Release|x64
		{414964B2-E5D3-41CC-B07F-DC712A48A185}.Release|x86.ActiveCfg = Release|Win32
		{414964B2-E5D3-41CC-B07F-DC712A48A185}.Release|x86.Build.0 = Release|Win32
		{EE8FAB30-F670-4097-9727-E10DFB882B25}.Debug|x64.ActiveCfg = Debug|x64
		{EE8FAB30-F670-4097-9727-E10DFB882B25}.Debug|x64.Build.0 = Debug|x64
		{EE8FAB30-F670-4097-9727-E10DFB882B25}.Debug|x86.ActiveCfg = Debug|Win32
		{EE8FAB30-F670-4097-9727-E10DFB882B25}.Debug|x86.Build.0 = Debug|Win32
		{EE8FAB30-F670-4097-9727-E10DFB882B25}.Release|x64.ActiveCfg = Release|x64
		{EE8FAB30-F670-4097-9727-E10DFB882B25}.Release|x64.Build.0 = Release|x64
		{EE8FAB30-F670-4097-9727-E10DFB882B25}.Release|x86.ActiveCfg = Release|Win32
		{EE8FAB30-F670-4097-9727-E10DFB882B25}.Release|x86.Build.0 = Release|Win32
		{78891C0C-1496-4CBE-81E8-24879811D808}.Debug|x64.ActiveCfg = Debug|x64
		{78891C0C-1496-4CBE-81E8-24879811D808}.Debug|x64.Build.0 = Debug|x64
		{78891C0C-1496-4CBE-81E8-24879811D808}.Debug|x86.ActiveCfg = Debug|Win32
		{78891C0C-1496-4CBE-81E8-24879811D808}.Debug|x86.Build.0 = Debug|Win32
		{78891C0C-1496-4CBE-81E8-24879811D808}.Release|x64.ActiveCfg = Release|x64
		{78891C0C-1496-4CBE-81E8-24879811D808}.Release|x64.Build.0 = Release|x64
		{78891C0C-1496-4CBE-81E8-24879811D808}.Release|x86.ActiveCfg = Release|Win32
		{78891C0C-1496-4CBE-81E8-24879811D808}.Release|x86.Build.0 = Release|Win32
		{AB540662-94F9-49C8-90A7-5775DAE283C2}.Debug|x64.ActiveCfg = Debug|x64
		{AB540662-94F9-49C8-90A7-5775DAE283C2}.Debug|x64.Build.0 = Debug|x64
		{AB540662-94F9-49C8-90A7-5775DAE283C2}.Debug|x86.ActiveCfg = Debug|Win32
		{AB540662-94F9-49C8-90A7-5775DAE283C2}.Debug|x86.Build.0 = Debug|Win32
		{AB540662-94F9-49C8-90A7-5775DAE283C2}.Release|x64.ActiveCfg = Release|x64
		{AB540662-94F9-49C8-90A7-5775DAE283C2}.Release|x64.Build.0 = Release|x64
		{AB540662-94F9-49C8-90A7-5775DAE283C2}.Release|x86.ActiveCfg = Release|Win32
		{AB540662-94F9-49C8-90A7-5775DAE283C2}.Release|x86.Build.0 = Release|Win32
		{2CA7D744-2C46-4AEB-A3F5-C75B7540A0ED}.Debug|x64.ActiveCfg = Debug|x64
		{2CA7D744-2C46-4AEB-A3F5-C75B7540A0ED}.Debug|x64.Build.0 = Debug|x64
		{2CA7D744-2C46-4AEB-A3F5-C75B7540A0ED}.Debug|x86.ActiveCfg = Debug|Win32
		{2CA7D744-2C46-4AEB-A3F5-C75B7540A0ED}.Debug|x86.Build.0 = Debug|Win32
		{2CA7D744-2C46-4AEB-A3F5-C75B7540A0ED}.Release|x64.ActiveCfg = Release|x64
		{2CA7D744-2C46-4AEB-A3F5-C75B7540A0ED}.Release|x64.Build.0 = Release|x64
		{2CA7D744-2C46-4AEB-A3F5-C75B7540A0ED}.Release|x86.ActiveCfg = Release|Win32
		{2CA7D744-2C46-4AEB-A3F5-C75B7540A0ED}.Release|x86.Build.0 = Release|Win32
		{DF986FF7-EC1B-44B7-B004-C7746703B78F}.Debug|x64.ActiveCfg = Debug|x64
		{DF986FF7-EC1B-44B7-B004-C7746703B78F}.Debug|x64.Build.0 = Debug|x64
		{DF986FF7-EC1B-44B7-B004-C7746703B78F}.Debug|x86.ActiveCfg = Debug|Win32
		{DF986FF7-EC1B-44B7-B004-C7746703B78F}.Debug|x86.Build.0 = Debug|Win32
		{DF986FF7-EC1B-44B7-B004-C7746703B78F}.Release|x64.ActiveCfg = Release|x64
		{DF986FF7-EC1B-44B7-B004-C7746703B78F}.Release|x64.Build.0 = Release|x64
		{DF986FF7-EC1B-44B7-B004-C7746703B78F}.Release|x86.ActiveCfg = Release|Win32
		{DF986FF7-EC1B-44B7-B004-C7746703B78F}.Release|x86.Build.0 = Release|Win32
		{2E0D10D4-6B82-4C99-B478-7E235D1E2B6A}.Debug|x64.ActiveCfg = Debug|x64
		{2E0D10D4-6B82-4C99-B478-7E235D1E2B6A}.Debug|x64.Build.0 = Debug|x64
		{2E0D10D4-6B82-4C99-B478-7E235D1E2B6A}.Debug|x86.ActiveCfg = Debug|Win32
		{2E0D10D4-6B82-4C99-B478-7E235D1E2B6A}.Debug|x86.Build.0 = Debug|Win32
		{2E0D10D4-6B82-4C99-B478-7E235D1E2B6A}.Release|x64.ActiveCfg = Release|x64
		{2E0D10D4-6B82-4C99-B478-7E235D1E2B6A}.Release|x64.Build.0 = Release|x64
		{2E0D10D4-6B82-4C99-B478-7E235D1E2B6A}.Release|x86.ActiveCfg = Release|Win32
		{2E0D10D4-6B82-4C99-B478-7E235D1E2B6A}.Release|x86.Build.0 = Release|Win32
		{B32B265E-A1A2-4F0A-BB42-F62EF81D5880}.Debug|x64.ActiveCfg = Debug|x64
		{B32B265E-A1A2-4F0A-BB42-F62EF81D5880}.Debug|x64.Build.0 = Debug|x64
		{B32B265E-A1A2-4F0A-BB42-F62EF81D5880}.Debug|x86.ActiveCfg = Debug|Win32
		{B32B265E-A1A2-4F0A-BB42-F62EF81D5880}.Debug|x86.Build.0 = Debug|Win32
		{B32B265E-A1A2-4F0A-BB42-F62EF81D5880}.Release|x64.ActiveCfg = Release|x64
		{B32B265E-A1A2-4F0A-BB42-F62EF81D5880}.Release|x64.Build.0 = Release|x64
		{B32B265E-A1A2-4F0A-BB42-F62EF81D5880}.Release|x86.ActiveCfg = Release|Win32
		{B32B265E-A1A2-4F0A-BB42-F62EF81D5880}.Release|x86.Build.0 = Release|Win32
		{DC3E94E1-39CF-41F1-90AE-D50780186313}.Debug|x64.ActiveCfg = Debug|x64
		{DC3E94E1-39CF-41F1-90AE-D50780186313}.Debug|x64.Build.0 = Debug|x64
		{DC3E94E1-39CF-41F1-90AE-D50780186313}.Debug|x86.ActiveCfg = Debug|Win32
		{DC3E94E1-39CF-41F1-90AE-D50780186313}.Debug|x86.Build.0 = Debug|Win32
		{DC3E94E1-39CF-41F1-90AE-D50780186313}.Release|x64.ActiveCfg = Release|x64
		{DC3E94E1-39CF-41F1-90AE-D50780186313}.Release|x64.Build.0 = Release|x64
		{DC3E94E1-39CF-41F1-90AE-D50780186313}.Release|x86.ActiveCfg = Release|Win32
		{DC3E94E1-39CF-41F1-90AE-D50780186313}.Release|x86.Build.0 = Release|Win32
		{1CA4D40F-208D-457B-AA9B-B0F9BC9E7BC9}.Debug|x64.ActiveCfg = Debug|x64
		{1CA4D40F-208D-457B-AA9B-B0F9BC9E7BC9}.Debug|x64.Build.0 = Debug|x64
		{1CA4D40F-208D-457B-AA9B-B0F9BC9E7BC9}.Debug|x86.ActiveCfg = Debug|Win32
		{1CA4D40F-208D-457B-AA9B-B0F9BC9E7BC9}.Debug|x86.Build.0 = Debug|Win32
		{1CA4D40F-208D-457B-AA9B-B0F9BC9E7BC9}.Release|x64.ActiveCfg = Release|x64
		{1CA4D40F-208D-457B-AA9B-B0F9BC9E7BC9}.Release|x64.Build.0 = Release|x64
		{1CA4D40F-208D-457B-AA9B-B0F9BC9E7BC9}.Release|x86.ActiveCfg = Release|Win32
		{1CA4D40F-208D-457B-AA9B-B0F9BC9E7BC9}.Release|x86.Build.0 = Release|Win32
		{910C034B-40C2-425A-ADD8-F42AE1B9AEEB}.Debug|x64.ActiveCfg = Debug|x64
		{910C034B-40C2-425A-ADD8-F42AE1B9AEEB}.Debug|x64.Build.0 = Debug|x64
		{910C034B-40C2-425A-ADD8-F42AE1B9AEEB}.Debug|x86.ActiveCfg = Debug|Win32
		{910C034B-40C2-425A-ADD8-F42AE1B9AEEB}.Debug|x86.Build.0 = Debug|Win32
		{910C034B-40C2-425A-ADD8-F42AE1B9AEEB}.Release|x64.ActiveCfg = Release|x64
		{910C034B-40C2-425A-ADD8-F42AE1B9AEEB}.Release|x64.Build.0 = Release|x64
		{910C034B-40C2-425A-ADD8-F42AE1B9AEEB}.Release|x86.ActiveCfg = Release|Win32
		{910C034B-40C2-425A-ADD8-F42AE1B9AEEB}.Release|x86.Build.0 = Release|Win32
		{384C75BA-2446-445C-9A77-CF6C3BF31F15}.Debug|x64.ActiveCfg = Debug|x64
		{384C75BA-2446-445C-9A77-CF6C3BF31F15}.Debug|x64.Build.0 = Debug|x64
		{384C75BA-2446-445C-9A77-CF6C3BF31F15}.Debug|x86.ActiveCfg = Debug|Win32
		{384C75BA-2446-445C-9A77-CF6C3BF31F15}.Debug|x86.Build.0 = Debug|Win32
		{384C75BA-2446-445C-9A77-CF6C3BF31F15}.Release|x64.ActiveCfg = Release|x64
		{384C75BA-2446-445C-9A77-CF6C3BF31F15}.Release|x64.Build.0 = Release|x64
		{384C75BA-2446-445C-9A77-CF6C3BF31F15}.Release|x86.ActiveCfg = Release|Win32
		{384C75BA-2446-445C-9A77-CF6C3BF31F15}.Release|x86.Build.0 = Release|Win32
		{026995FA-019E-4B51-A224-C1B667AFE64D}.Debug|x64.ActiveCfg = Debug|x64
		{026995FA-019E-4B51-A224-C1B667AFE64D}.Debug|x64.Build.0 = Debug|x64
		{026995FA-019E-4B51-A224-C1B667AFE64D}.Debug|x86.ActiveCfg = Debug|Win32
		{026995FA-019E-4B51-A224-C1B667AFE64D}.Debug|x86.Build.0 = Debug|Win32
		{026995FA-019E-4B51-A224-C1B667AFE64D}.Release|x64.ActiveCfg = Release|x64
		{026995FA-019E-4B51-A224-C1B667AFE64D}.Release|x64.Build.0 = Release|x64
		{026995FA-019E-4B51-A224-C1B667AFE64D}.Release|x86.ActiveCfg = Release|Win32
		{026995FA-019E-4B51-A224-C1B667AFE64D}.Release|x86.Build.0 = Release|Win32
		{CB1049F6-634C-409B-A46F-2D41C6E5E791}.Debug|x64.ActiveCfg = Debug|x64
		{CB1049F6-634C-409B-A46F-2D41C6E5E791}.Debug|x64.Build.0 = Debug|x64
		{CB1049F6-634C-409B-A46F-2D41C6E5E791}.Debug|x86.ActiveCfg = Debug|Win32
		{CB1049F6-634C-409B-A46F-2D41C6E5E791}.Debug|x86.Build.0 = Debug|Win32
		{CB1049F6-634C-409B-A46F-2D41C6E5E791}.Release|x64.ActiveCfg = Release|x64
		{CB1049F6-634C-409B-A46F-2D41C6E5E791}.Release|x64.Build.0 = Release|x64
		{CB1049F6-634C-409B-A46F-2D41C6E5E791}.Release|x86.ActiveCfg = Release|Win32
		{CB1049F6-634C-409B-A46F-2D41C6E5E791}.Release|x86.Build.0 = Release|Win32
		{33991BD0-2103-46FC-A78B-45D1FF60DB02}.Debug|x64.ActiveCfg = Debug|x64
		{33991BD0-2103-46FC-A78B-45D1FF60DB02}.Debug|x64.Build.0 = Debug|x64
		{33991BD0-2103-46FC-A78B-45D1FF60DB02}.Debug|x86.ActiveCfg = Debug|Win32
		{33991BD0-2103-46FC-A78B-45D1FF60DB02}.Debug|x86.Build.0 = Debug|Win32
		{33991BD0-2103-46FC-A78B-45D1FF60DB02}.Release|x64.ActiveCfg = Release|x64
		{33991BD0-2103-46FC-A78B-45D1FF60DB02}.Release|x64.Build.0 = Release|x64
		{33991BD0-2103-46FC-A78B-45D1FF60DB02}.Release|x86.ActiveCfg = Release|Win32
		{33991BD0-2103-46FC-A78B-45D1FF60DB02}.Release|x86.Build.0 = Release|Win32
		{D77AB12F-FA6E-4122-AA35-88784CB357E9}.Debug|x64.ActiveCfg = Debug|x64
		{D77AB12F-FA6E-4122-AA35-88784CB357E9}.Debug|x64.Build.0 = Debug|x64
		{D77AB12F-FA6E-4122-AA35-88784CB357E9}.Debug|x86.ActiveCfg = Debug|Win32
		{D77AB12F-FA6E-4122-AA35-88784CB357E9}.Debug|x86.Build.0 = Debug|Win32
		{D77AB12F-FA6E-4122-AA35-88784CB357E9}.Release|x64.ActiveCfg = Release|x64
		{D77AB12F-FA6E-4122-AA35-88784CB357E9}.Release|x64.Build.0 = Release|x64
		{D77AB12F-FA6E-4122-AA35-88784CB357E9}.Release|x86.ActiveCfg = Release|Win32
		{D77AB12F-FA6E-4122-AA35-88784CB357E9}.Release|x86.Build.0 = Release|Win32
		{C21F3F5F-15E3-4C22-AD87-CD310B8E86DA}.Debug|x64.ActiveCfg = Debug|x64
		{C21F3F5F-15E3-4C22-AD87-CD310B8E86DA}.Debug|x64.Build.0 = Debug|x64
		{C21F3F5F-15E3-4C22-AD87-CD310B8E86DA}.Debug|x86.ActiveCfg = Debug|Win32
		{C21F3F5F-15E3-4C22-AD87-CD310B8E86DA}.Debug|x86.Build.0 = Debug|Win32
		{C21F3F5F-15E3-4C22-AD87-CD310B8E86DA}.Release|x64.ActiveCfg = Release|x64
		{C21F3F5F-15E3-4C22-AD87-CD310B8E86DA}.Release|x64.Build.0 = Release|x64
		{C21F3F5F-15E3-4C22-AD87-CD310B8E86DA}.Release|x86.ActiveCfg = Release|Win32
		{C21F3F5F-15E3-4C22-AD87-CD310B8E86DA}.Release|x86.Build.0 = Release|Win32
		{F16A526A-470C-4045-881E-C71D34105AFD}.Debug|x64.ActiveCfg = Debug|x64
		{F16A526A-470C-4045-881E-C71D34105AFD}.Debug|x64.Build.0 = Debug|x64
		{F16A526A-470C-4045-881E-C71D34105AFD}.Debug|x86.ActiveCfg = Debug|Win32
		{F16A526A-470C-4045-881E-C71D34105AFD}.Debug|x86.Build.0 = Debug|Win32
		{F16A526A-470C-4045-881E-C71D34105AFD}.Release|x64.ActiveCfg = Release|x64
		{F16A526A-470C-4045-881E-C71D34105AFD}.Release|x64.Build.0 = Release|x64
		{F16A526A-470C-4045-881E-C71D34105AFD}.Release|x86.ActiveCfg = Release|Win32
		{F16A526A-470C-4045-881E-C71D34105AFD}.Release|x86.Build.0 = Release|Win32
	EndGlobalSection
	GlobalSection(SolutionProperties) = preSolution
		HideSolutionNode = FALSE
	EndGlobalSection
	GlobalSection(ExtensibilityGlobals) = postSolution
		SolutionGuid = {D2963206-19E8-4019-B641-44BF6821D509}
	EndGlobalSection
EndGlobal
