
Microsoft Visual Studio Solution File, Format Version 12.00
# Visual Studio Version 16
VisualStudioVersion = 16.0.30804.86
MinimumVisualStudioVersion = 10.0.40219.1
Project("{8BC9CEB8-8B4A-11D0-8D11-00A0C91BC942}") = "Bai001", "Bai001\Bai001.vcxproj", "{A0CC9BB6-2F24-42A1-B7AB-EA479096D311}"
EndProject
Project("{8BC9CEB8-8B4A-11D0-8D11-00A0C91BC942}") = "Bai002", "Bai002\Bai002.vcxproj", "{ABE5CA2B-DADB-4D0D-9ED3-567FCE384CA1}"
EndProject
Project("{8BC9CEB8-8B4A-11D0-8D11-00A0C91BC942}") = "Bai003", "Bai003\Bai003.vcxproj", "{02C6EE65-9E2D-4B3F-89CB-C2E23F0B17A9}"
EndProject
Project("{8BC9CEB8-8B4A-11D0-8D11-00A0C91BC942}") = "Bai004", "Bai004\Bai004.vcxproj", "{FBCECE45-15FB-46A7-8DF8-3FEED94C5999}"
EndProject
Project("{8BC9CEB8-8B4A-11D0-8D11-00A0C91BC942}") = "Bai005", "Bai005\Bai005.vcxproj", "{7D609BFD-FDF6-45A4-ABD5-680A721B8810}"
EndProject
Project("{8BC9CEB8-8B4A-11D0-8D11-00A0C91BC942}") = "Bai006", "Bai006\Bai006.vcxproj", "{A17C3F94-7FE8-4A52-BED9-39FC2AF83A78}"
EndProject
Project("{8BC9CEB8-8B4A-11D0-8D11-00A0C91BC942}") = "Bai007", "Bai007\Bai007.vcxproj", "{C08136D9-21DB-497A-A65D-C4DB70AC6374}"
EndProject
Project("{8BC9CEB8-8B4A-11D0-8D11-00A0C91BC942}") = "Bai008", "Bai008\Bai008.vcxproj", "{BC4B1184-62A8-44D3-A249-FB6B2A3C7AD6}"
EndProject
Project("{8BC9CEB8-8B4A-11D0-8D11-00A0C91BC942}") = "Bai009", "Bai009\Bai009.vcxproj", "{4BDD6AFE-5C26-4978-B18B-6117DA2B0E4B}"
EndProject
Project("{8BC9CEB8-8B4A-11D0-8D11-00A0C91BC942}") = "Bai010", "Bai010\Bai010.vcxproj", "{48A2F060-72BA-450F-9466-266B5940F5DA}"
EndProject
Project("{8BC9CEB8-8B4A-11D0-8D11-00A0C91BC942}") = "Bai011", "Bai011\Bai011.vcxproj", "{48C6EA21-5C0E-486A-AB11-F38AAD1F8C42}"
EndProject
Project("{8BC9CEB8-8B4A-11D0-8D11-00A0C91BC942}") = "Bai012", "Bai012\Bai012.vcxproj", "{42EEAD09-C1AE-4EE3-9203-D9CCBDF1D45F}"
EndProject
Project("{8BC9CEB8-8B4A-11D0-8D11-00A0C91BC942}") = "Bai013", "Bai013\Bai013.vcxproj", "{A61647AB-F430-4736-94CF-E54BF32C32F4}"
EndProject
Project("{8BC9CEB8-8B4A-11D0-8D11-00A0C91BC942}") = "Bai014", "Bai014\Bai014.vcxproj", "{62AFF2FA-A6F6-4EA2-A605-66FBFD179624}"
EndProject
Project("{8BC9CEB8-8B4A-11D0-8D11-00A0C91BC942}") = "Bai015", "Bai015\Bai015.vcxproj", "{509E4CA1-2ED1-4487-ADEF-E5ADA1D4C600}"
EndProject
Project("{8BC9CEB8-8B4A-11D0-8D11-00A0C91BC942}") = "Bai016", "Bai016\Bai016.vcxproj", "{7969920B-105E-4719-94AF-DF731D60CA28}"
EndProject
Project("{8BC9CEB8-8B4A-11D0-8D11-00A0C91BC942}") = "Bai017", "Bai017\Bai017.vcxproj", "{0049F10C-8D39-43E2-99B8-DC95CB092D81}"
EndProject
Project("{8BC9CEB8-8B4A-11D0-8D11-00A0C91BC942}") = "Bai018", "Bai018\Bai018.vcxproj", "{615DC244-42FE-4CFE-B7E6-C79E9D80F900}"
EndProject
Project("{8BC9CEB8-8B4A-11D0-8D11-00A0C91BC942}") = "Bai019", "Bai019\Bai019.vcxproj", "{6A3B28D0-F6A0-44C7-BF6D-2E5D8A88761B}"
EndProject
Project("{8BC9CEB8-8B4A-11D0-8D11-00A0C91BC942}") = "Bai020", "Bai020\Bai020.vcxproj", "{2CAA34F7-ECD6-4C43-83A6-8273C170A1E3}"
EndProject
Project("{8BC9CEB8-8B4A-11D0-8D11-00A0C91BC942}") = "Bai167", "Bai167\Bai167.vcxproj", "{15103779-7053-42F5-B17C-00832FA13BC5}"
EndProject
Global
	GlobalSection(SolutionConfigurationPlatforms) = preSolution
		Debug|x64 = Debug|x64
		Debug|x86 = Debug|x86
		Release|x64 = Release|x64
		Release|x86 = Release|x86
	EndGlobalSection
	GlobalSection(ProjectConfigurationPlatforms) = postSolution
		{A0CC9BB6-2F24-42A1-B7AB-EA479096D311}.Debug|x64.ActiveCfg = Debug|x64
		{A0CC9BB6-2F24-42A1-B7AB-EA479096D311}.Debug|x64.Build.0 = Debug|x64
		{A0CC9BB6-2F24-42A1-B7AB-EA479096D311}.Debug|x86.ActiveCfg = Debug|Win32
		{A0CC9BB6-2F24-42A1-B7AB-EA479096D311}.Debug|x86.Build.0 = Debug|Win32
		{A0CC9BB6-2F24-42A1-B7AB-EA479096D311}.Release|x64.ActiveCfg = Release|x64
		{A0CC9BB6-2F24-42A1-B7AB-EA479096D311}.Release|x64.Build.0 = Release|x64
		{A0CC9BB6-2F24-42A1-B7AB-EA479096D311}.Release|x86.ActiveCfg = Release|Win32
		{A0CC9BB6-2F24-42A1-B7AB-EA479096D311}.Release|x86.Build.0 = Release|Win32
		{ABE5CA2B-DADB-4D0D-9ED3-567FCE384CA1}.Debug|x64.ActiveCfg = Debug|x64
		{ABE5CA2B-DADB-4D0D-9ED3-567FCE384CA1}.Debug|x64.Build.0 = Debug|x64
		{ABE5CA2B-DADB-4D0D-9ED3-567FCE384CA1}.Debug|x86.ActiveCfg = Debug|Win32
		{ABE5CA2B-DADB-4D0D-9ED3-567FCE384CA1}.Debug|x86.Build.0 = Debug|Win32
		{ABE5CA2B-DADB-4D0D-9ED3-567FCE384CA1}.Release|x64.ActiveCfg = Release|x64
		{ABE5CA2B-DADB-4D0D-9ED3-567FCE384CA1}.Release|x64.Build.0 = Release|x64
		{ABE5CA2B-DADB-4D0D-9ED3-567FCE384CA1}.Release|x86.ActiveCfg = Release|Win32
		{ABE5CA2B-DADB-4D0D-9ED3-567FCE384CA1}.Release|x86.Build.0 = Release|Win32
		{02C6EE65-9E2D-4B3F-89CB-C2E23F0B17A9}.Debug|x64.ActiveCfg = Debug|x64
		{02C6EE65-9E2D-4B3F-89CB-C2E23F0B17A9}.Debug|x64.Build.0 = Debug|x64
		{02C6EE65-9E2D-4B3F-89CB-C2E23F0B17A9}.Debug|x86.ActiveCfg = Debug|Win32
		{02C6EE65-9E2D-4B3F-89CB-C2E23F0B17A9}.Debug|x86.Build.0 = Debug|Win32
		{02C6EE65-9E2D-4B3F-89CB-C2E23F0B17A9}.Release|x64.ActiveCfg = Release|x64
		{02C6EE65-9E2D-4B3F-89CB-C2E23F0B17A9}.Release|x64.Build.0 = Release|x64
		{02C6EE65-9E2D-4B3F-89CB-C2E23F0B17A9}.Release|x86.ActiveCfg = Release|Win32
		{02C6EE65-9E2D-4B3F-89CB-C2E23F0B17A9}.Release|x86.Build.0 = Release|Win32
		{FBCECE45-15FB-46A7-8DF8-3FEED94C5999}.Debug|x64.ActiveCfg = Debug|x64
		{FBCECE45-15FB-46A7-8DF8-3FEED94C5999}.Debug|x64.Build.0 = Debug|x64
		{FBCECE45-15FB-46A7-8DF8-3FEED94C5999}.Debug|x86.ActiveCfg = Debug|Win32
		{FBCECE45-15FB-46A7-8DF8-3FEED94C5999}.Debug|x86.Build.0 = Debug|Win32
		{FBCECE45-15FB-46A7-8DF8-3FEED94C5999}.Release|x64.ActiveCfg = Release|x64
		{FBCECE45-15FB-46A7-8DF8-3FEED94C5999}.Release|x64.Build.0 = Release|x64
		{FBCECE45-15FB-46A7-8DF8-3FEED94C5999}.Release|x86.ActiveCfg = Release|Win32
		{FBCECE45-15FB-46A7-8DF8-3FEED94C5999}.Release|x86.Build.0 = Release|Win32
		{7D609BFD-FDF6-45A4-ABD5-680A721B8810}.Debug|x64.ActiveCfg = Debug|x64
		{7D609BFD-FDF6-45A4-ABD5-680A721B8810}.Debug|x64.Build.0 = Debug|x64
		{7D609BFD-FDF6-45A4-ABD5-680A721B8810}.Debug|x86.ActiveCfg = Debug|Win32
		{7D609BFD-FDF6-45A4-ABD5-680A721B8810}.Debug|x86.Build.0 = Debug|Win32
		{7D609BFD-FDF6-45A4-ABD5-680A721B8810}.Release|x64.ActiveCfg = Release|x64
		{7D609BFD-FDF6-45A4-ABD5-680A721B8810}.Release|x64.Build.0 = Release|x64
		{7D609BFD-FDF6-45A4-ABD5-680A721B8810}.Release|x86.ActiveCfg = Release|Win32
		{7D609BFD-FDF6-45A4-ABD5-680A721B8810}.Release|x86.Build.0 = Release|Win32
		{A17C3F94-7FE8-4A52-BED9-39FC2AF83A78}.Debug|x64.ActiveCfg = Debug|x64
		{A17C3F94-7FE8-4A52-BED9-39FC2AF83A78}.Debug|x64.Build.0 = Debug|x64
		{A17C3F94-7FE8-4A52-BED9-39FC2AF83A78}.Debug|x86.ActiveCfg = Debug|Win32
		{A17C3F94-7FE8-4A52-BED9-39FC2AF83A78}.Debug|x86.Build.0 = Debug|Win32
		{A17C3F94-7FE8-4A52-BED9-39FC2AF83A78}.Release|x64.ActiveCfg = Release|x64
		{A17C3F94-7FE8-4A52-BED9-39FC2AF83A78}.Release|x64.Build.0 = Release|x64
		{A17C3F94-7FE8-4A52-BED9-39FC2AF83A78}.Release|x86.ActiveCfg = Release|Win32
		{A17C3F94-7FE8-4A52-BED9-39FC2AF83A78}.Release|x86.Build.0 = Release|Win32
		{C08136D9-21DB-497A-A65D-C4DB70AC6374}.Debug|x64.ActiveCfg = Debug|x64
		{C08136D9-21DB-497A-A65D-C4DB70AC6374}.Debug|x64.Build.0 = Debug|x64
		{C08136D9-21DB-497A-A65D-C4DB70AC6374}.Debug|x86.ActiveCfg = Debug|Win32
		{C08136D9-21DB-497A-A65D-C4DB70AC6374}.Debug|x86.Build.0 = Debug|Win32
		{C08136D9-21DB-497A-A65D-C4DB70AC6374}.Release|x64.ActiveCfg = Release|x64
		{C08136D9-21DB-497A-A65D-C4DB70AC6374}.Release|x64.Build.0 = Release|x64
		{C08136D9-21DB-497A-A65D-C4DB70AC6374}.Release|x86.ActiveCfg = Release|Win32
		{C08136D9-21DB-497A-A65D-C4DB70AC6374}.Release|x86.Build.0 = Release|Win32
		{BC4B1184-62A8-44D3-A249-FB6B2A3C7AD6}.Debug|x64.ActiveCfg = Debug|x64
		{BC4B1184-62A8-44D3-A249-FB6B2A3C7AD6}.Debug|x64.Build.0 = Debug|x64
		{BC4B1184-62A8-44D3-A249-FB6B2A3C7AD6}.Debug|x86.ActiveCfg = Debug|Win32
		{BC4B1184-62A8-44D3-A249-FB6B2A3C7AD6}.Debug|x86.Build.0 = Debug|Win32
		{BC4B1184-62A8-44D3-A249-FB6B2A3C7AD6}.Release|x64.ActiveCfg = Release|x64
		{BC4B1184-62A8-44D3-A249-FB6B2A3C7AD6}.Release|x64.Build.0 = Release|x64
		{BC4B1184-62A8-44D3-A249-FB6B2A3C7AD6}.Release|x86.ActiveCfg = Release|Win32
		{BC4B1184-62A8-44D3-A249-FB6B2A3C7AD6}.Release|x86.Build.0 = Release|Win32
		{4BDD6AFE-5C26-4978-B18B-6117DA2B0E4B}.Debug|x64.ActiveCfg = Debug|x64
		{4BDD6AFE-5C26-4978-B18B-6117DA2B0E4B}.Debug|x64.Build.0 = Debug|x64
		{4BDD6AFE-5C26-4978-B18B-6117DA2B0E4B}.Debug|x86.ActiveCfg = Debug|Win32
		{4BDD6AFE-5C26-4978-B18B-6117DA2B0E4B}.Debug|x86.Build.0 = Debug|Win32
		{4BDD6AFE-5C26-4978-B18B-6117DA2B0E4B}.Release|x64.ActiveCfg = Release|x64
		{4BDD6AFE-5C26-4978-B18B-6117DA2B0E4B}.Release|x64.Build.0 = Release|x64
		{4BDD6AFE-5C26-4978-B18B-6117DA2B0E4B}.Release|x86.ActiveCfg = Release|Win32
		{4BDD6AFE-5C26-4978-B18B-6117DA2B0E4B}.Release|x86.Build.0 = Release|Win32
		{48A2F060-72BA-450F-9466-266B5940F5DA}.Debug|x64.ActiveCfg = Debug|x64
		{48A2F060-72BA-450F-9466-266B5940F5DA}.Debug|x64.Build.0 = Debug|x64
		{48A2F060-72BA-450F-9466-266B5940F5DA}.Debug|x86.ActiveCfg = Debug|Win32
		{48A2F060-72BA-450F-9466-266B5940F5DA}.Debug|x86.Build.0 = Debug|Win32
		{48A2F060-72BA-450F-9466-266B5940F5DA}.Release|x64.ActiveCfg = Release|x64
		{48A2F060-72BA-450F-9466-266B5940F5DA}.Release|x64.Build.0 = Release|x64
		{48A2F060-72BA-450F-9466-266B5940F5DA}.Release|x86.ActiveCfg = Release|Win32
		{48A2F060-72BA-450F-9466-266B5940F5DA}.Release|x86.Build.0 = Release|Win32
		{48C6EA21-5C0E-486A-AB11-F38AAD1F8C42}.Debug|x64.ActiveCfg = Debug|x64
		{48C6EA21-5C0E-486A-AB11-F38AAD1F8C42}.Debug|x64.Build.0 = Debug|x64
		{48C6EA21-5C0E-486A-AB11-F38AAD1F8C42}.Debug|x86.ActiveCfg = Debug|Win32
		{48C6EA21-5C0E-486A-AB11-F38AAD1F8C42}.Debug|x86.Build.0 = Debug|Win32
		{48C6EA21-5C0E-486A-AB11-F38AAD1F8C42}.Release|x64.ActiveCfg = Release|x64
		{48C6EA21-5C0E-486A-AB11-F38AAD1F8C42}.Release|x64.Build.0 = Release|x64
		{48C6EA21-5C0E-486A-AB11-F38AAD1F8C42}.Release|x86.ActiveCfg = Release|Win32
		{48C6EA21-5C0E-486A-AB11-F38AAD1F8C42}.Release|x86.Build.0 = Release|Win32
		{42EEAD09-C1AE-4EE3-9203-D9CCBDF1D45F}.Debug|x64.ActiveCfg = Debug|x64
		{42EEAD09-C1AE-4EE3-9203-D9CCBDF1D45F}.Debug|x64.Build.0 = Debug|x64
		{42EEAD09-C1AE-4EE3-9203-D9CCBDF1D45F}.Debug|x86.ActiveCfg = Debug|Win32
		{42EEAD09-C1AE-4EE3-9203-D9CCBDF1D45F}.Debug|x86.Build.0 = Debug|Win32
		{42EEAD09-C1AE-4EE3-9203-D9CCBDF1D45F}.Release|x64.ActiveCfg = Release|x64
		{42EEAD09-C1AE-4EE3-9203-D9CCBDF1D45F}.Release|x64.Build.0 = Release|x64
		{42EEAD09-C1AE-4EE3-9203-D9CCBDF1D45F}.Release|x86.ActiveCfg = Release|Win32
		{42EEAD09-C1AE-4EE3-9203-D9CCBDF1D45F}.Release|x86.Build.0 = Release|Win32
		{A61647AB-F430-4736-94CF-E54BF32C32F4}.Debug|x64.ActiveCfg = Debug|x64
		{A61647AB-F430-4736-94CF-E54BF32C32F4}.Debug|x64.Build.0 = Debug|x64
		{A61647AB-F430-4736-94CF-E54BF32C32F4}.Debug|x86.ActiveCfg = Debug|Win32
		{A61647AB-F430-4736-94CF-E54BF32C32F4}.Debug|x86.Build.0 = Debug|Win32
		{A61647AB-F430-4736-94CF-E54BF32C32F4}.Release|x64.ActiveCfg = Release|x64
		{A61647AB-F430-4736-94CF-E54BF32C32F4}.Release|x64.Build.0 = Release|x64
		{A61647AB-F430-4736-94CF-E54BF32C32F4}.Release|x86.ActiveCfg = Release|Win32
		{A61647AB-F430-4736-94CF-E54BF32C32F4}.Release|x86.Build.0 = Release|Win32
		{62AFF2FA-A6F6-4EA2-A605-66FBFD179624}.Debug|x64.ActiveCfg = Debug|x64
		{62AFF2FA-A6F6-4EA2-A605-66FBFD179624}.Debug|x64.Build.0 = Debug|x64
		{62AFF2FA-A6F6-4EA2-A605-66FBFD179624}.Debug|x86.ActiveCfg = Debug|Win32
		{62AFF2FA-A6F6-4EA2-A605-66FBFD179624}.Debug|x86.Build.0 = Debug|Win32
		{62AFF2FA-A6F6-4EA2-A605-66FBFD179624}.Release|x64.ActiveCfg = Release|x64
		{62AFF2FA-A6F6-4EA2-A605-66FBFD179624}.Release|x64.Build.0 = Release|x64
		{62AFF2FA-A6F6-4EA2-A605-66FBFD179624}.Release|x86.ActiveCfg = Release|Win32
		{62AFF2FA-A6F6-4EA2-A605-66FBFD179624}.Release|x86.Build.0 = Release|Win32
		{509E4CA1-2ED1-4487-ADEF-E5ADA1D4C600}.Debug|x64.ActiveCfg = Debug|x64
		{509E4CA1-2ED1-4487-ADEF-E5ADA1D4C600}.Debug|x64.Build.0 = Debug|x64
		{509E4CA1-2ED1-4487-ADEF-E5ADA1D4C600}.Debug|x86.ActiveCfg = Debug|Win32
		{509E4CA1-2ED1-4487-ADEF-E5ADA1D4C600}.Debug|x86.Build.0 = Debug|Win32
		{509E4CA1-2ED1-4487-ADEF-E5ADA1D4C600}.Release|x64.ActiveCfg = Release|x64
		{509E4CA1-2ED1-4487-ADEF-E5ADA1D4C600}.Release|x64.Build.0 = Release|x64
		{509E4CA1-2ED1-4487-ADEF-E5ADA1D4C600}.Release|x86.ActiveCfg = Release|Win32
		{509E4CA1-2ED1-4487-ADEF-E5ADA1D4C600}.Release|x86.Build.0 = Release|Win32
		{7969920B-105E-4719-94AF-DF731D60CA28}.Debug|x64.ActiveCfg = Debug|x64
		{7969920B-105E-4719-94AF-DF731D60CA28}.Debug|x64.Build.0 = Debug|x64
		{7969920B-105E-4719-94AF-DF731D60CA28}.Debug|x86.ActiveCfg = Debug|Win32
		{7969920B-105E-4719-94AF-DF731D60CA28}.Debug|x86.Build.0 = Debug|Win32
		{7969920B-105E-4719-94AF-DF731D60CA28}.Release|x64.ActiveCfg = Release|x64
		{7969920B-105E-4719-94AF-DF731D60CA28}.Release|x64.Build.0 = Release|x64
		{7969920B-105E-4719-94AF-DF731D60CA28}.Release|x86.ActiveCfg = Release|Win32
		{7969920B-105E-4719-94AF-DF731D60CA28}.Release|x86.Build.0 = Release|Win32
		{0049F10C-8D39-43E2-99B8-DC95CB092D81}.Debug|x64.ActiveCfg = Debug|x64
		{0049F10C-8D39-43E2-99B8-DC95CB092D81}.Debug|x64.Build.0 = Debug|x64
		{0049F10C-8D39-43E2-99B8-DC95CB092D81}.Debug|x86.ActiveCfg = Debug|Win32
		{0049F10C-8D39-43E2-99B8-DC95CB092D81}.Debug|x86.Build.0 = Debug|Win32
		{0049F10C-8D39-43E2-99B8-DC95CB092D81}.Release|x64.ActiveCfg = Release|x64
		{0049F10C-8D39-43E2-99B8-DC95CB092D81}.Release|x64.Build.0 = Release|x64
		{0049F10C-8D39-43E2-99B8-DC95CB092D81}.Release|x86.ActiveCfg = Release|Win32
		{0049F10C-8D39-43E2-99B8-DC95CB092D81}.Release|x86.Build.0 = Release|Win32
		{615DC244-42FE-4CFE-B7E6-C79E9D80F900}.Debug|x64.ActiveCfg = Debug|x64
		{615DC244-42FE-4CFE-B7E6-C79E9D80F900}.Debug|x64.Build.0 = Debug|x64
		{615DC244-42FE-4CFE-B7E6-C79E9D80F900}.Debug|x86.ActiveCfg = Debug|Win32
		{615DC244-42FE-4CFE-B7E6-C79E9D80F900}.Debug|x86.Build.0 = Debug|Win32
		{615DC244-42FE-4CFE-B7E6-C79E9D80F900}.Release|x64.ActiveCfg = Release|x64
		{615DC244-42FE-4CFE-B7E6-C79E9D80F900}.Release|x64.Build.0 = Release|x64
		{615DC244-42FE-4CFE-B7E6-C79E9D80F900}.Release|x86.ActiveCfg = Release|Win32
		{615DC244-42FE-4CFE-B7E6-C79E9D80F900}.Release|x86.Build.0 = Release|Win32
		{6A3B28D0-F6A0-44C7-BF6D-2E5D8A88761B}.Debug|x64.ActiveCfg = Debug|x64
		{6A3B28D0-F6A0-44C7-BF6D-2E5D8A88761B}.Debug|x64.Build.0 = Debug|x64
		{6A3B28D0-F6A0-44C7-BF6D-2E5D8A88761B}.Debug|x86.ActiveCfg = Debug|Win32
		{6A3B28D0-F6A0-44C7-BF6D-2E5D8A88761B}.Debug|x86.Build.0 = Debug|Win32
		{6A3B28D0-F6A0-44C7-BF6D-2E5D8A88761B}.Release|x64.ActiveCfg = Release|x64
		{6A3B28D0-F6A0-44C7-BF6D-2E5D8A88761B}.Release|x64.Build.0 = Release|x64
		{6A3B28D0-F6A0-44C7-BF6D-2E5D8A88761B}.Release|x86.ActiveCfg = Release|Win32
		{6A3B28D0-F6A0-44C7-BF6D-2E5D8A88761B}.Release|x86.Build.0 = Release|Win32
		{2CAA34F7-ECD6-4C43-83A6-8273C170A1E3}.Debug|x64.ActiveCfg = Debug|x64
		{2CAA34F7-ECD6-4C43-83A6-8273C170A1E3}.Debug|x64.Build.0 = Debug|x64
		{2CAA34F7-ECD6-4C43-83A6-8273C170A1E3}.Debug|x86.ActiveCfg = Debug|Win32
		{2CAA34F7-ECD6-4C43-83A6-8273C170A1E3}.Debug|x86.Build.0 = Debug|Win32
		{2CAA34F7-ECD6-4C43-83A6-8273C170A1E3}.Release|x64.ActiveCfg = Release|x64
		{2CAA34F7-ECD6-4C43-83A6-8273C170A1E3}.Release|x64.Build.0 = Release|x64
		{2CAA34F7-ECD6-4C43-83A6-8273C170A1E3}.Release|x86.ActiveCfg = Release|Win32
		{2CAA34F7-ECD6-4C43-83A6-8273C170A1E3}.Release|x86.Build.0 = Release|Win32
		{15103779-7053-42F5-B17C-00832FA13BC5}.Debug|x64.ActiveCfg = Debug|x64
		{15103779-7053-42F5-B17C-00832FA13BC5}.Debug|x64.Build.0 = Debug|x64
		{15103779-7053-42F5-B17C-00832FA13BC5}.Debug|x86.ActiveCfg = Debug|Win32
		{15103779-7053-42F5-B17C-00832FA13BC5}.Debug|x86.Build.0 = Debug|Win32
		{15103779-7053-42F5-B17C-00832FA13BC5}.Release|x64.ActiveCfg = Release|x64
		{15103779-7053-42F5-B17C-00832FA13BC5}.Release|x64.Build.0 = Release|x64
		{15103779-7053-42F5-B17C-00832FA13BC5}.Release|x86.ActiveCfg = Release|Win32
		{15103779-7053-42F5-B17C-00832FA13BC5}.Release|x86.Build.0 = Release|Win32
	EndGlobalSection
	GlobalSection(SolutionProperties) = preSolution
		HideSolutionNode = FALSE
	EndGlobalSection
	GlobalSection(ExtensibilityGlobals) = postSolution
		SolutionGuid = {DD1ECBFE-4A9F-497E-9CFC-E7A82A88FB69}
	EndGlobalSection
EndGlobal
